{
  "version": 2,
  "dependencies": {
    "net10.0": {
      "CsCheck": {
        "type": "Direct",
        "requested": "[4.8.0, )",
        "resolved": "4.8.0",
        "contentHash": "4XPnbCyJjm4Y9xymIlqoMe1MyaoIA2EwlJDvhtRsLLzlHkS0pSb2HiGTo3yvKYLeMajngPl82qWtUAPBce/3Ng=="
      },
      "ErrorProne.NET.CoreAnalyzers": {
        "type": "Direct",
        "requested": "[0.9.0-beta.4, )",
        "resolved": "0.9.0-beta.4",
        "contentHash": "YTYfAB8r5VuAJLuQF/sgTy+iRVM5AW0vXyVWp+BRNqNBjddLZdxc1rBFa2E4EM92uSxa8FraDw6pRw4tf5/qwA=="
      },
      "LanguageExt.Core": {
        "type": "Direct",
        "requested": "[5.0.0-beta-77, )",
        "resolved": "5.0.0-beta-77",
        "contentHash": "zVBqn2alHIDTOSjgWDUo31irEg59ZfM6T8e24UcUn6o/F+5Qr0jRjGPp2LzME7PHyKh+crK+boBmdCAFguwqjw=="
      },
      "Meziantou.Analyzer": {
        "type": "Direct",
        "requested": "[3.0.190, )",
        "resolved": "3.0.190",
        "contentHash": "CFX3BWg27iLO78RORLAGWghpP+1afiAaijAIfhU7+JI+n6V0uVpNIr6H7LYVnRTFb2WAH/450FcvarFl7STOQA=="
      },
      "Microsoft.Extensions.TimeProvider.Testing": {
        "type": "Direct",
        "requested": "[10.9.0, )",
        "resolved": "10.9.0",
        "contentHash": "0If8xc915BgRpYmKB9tOOOprvHMt8Tue6kiD8ARgVf8Ok6PNUxkJScKT7QUp7+RllR4RN2DNACgaxioy9BJxeQ=="
      },
      "Microsoft.VisualStudio.Threading.Analyzers": {
        "type": "Direct",
        "requested": "[18.7.23, )",
        "resolved": "18.7.23",
        "contentHash": "dyj6z8m+LFjpeH69hdnciCcRCmD0YgMlvuQEywiEshjqj/blgQ+PuWX8Vd5gkWQFoBN4e+TFxx6DvGNSv/gIKg=="
      },
      "MinVer": {
        "type": "Direct",
        "requested": "[7.0.0, )",
        "resolved": "7.0.0",
        "contentHash": "2lMTCQl5bGP4iv0JNkockPnyllC6eHLz+CoK2ICvalvHod+exXSxueu9hq+zNkU7bZBJf8wMfeRC/Edn8AGmEg=="
      },
      "Roslynator.Analyzers": {
        "type": "Direct",
        "requested": "[5.0.0, )",
        "resolved": "5.0.0",
        "contentHash": "+J5kR/naCd62IwY2BG9P0QoHnJM8liBUFFAk6jga1t9s61JC3M+ofb3AY3wc73/pdROyKFCURqctQh8WRCIT/w=="
      },
      "Thinktecture.Runtime.Extensions": {
        "type": "Direct",
        "requested": "[10.5.0, )",
        "resolved": "10.5.0",
        "contentHash": "VJaWZxHAYhOyMh2WoX3sB0CFbHz+vUESG5gkNKAxZbJsezwsvfeblKWeXPsn26GcojGY/fMMwQ/FSH2Pc+a9oQ==",
        "dependencies": {
          "Thinktecture.Runtime.Extensions.Analyzers": "10.5.0",
          "Thinktecture.Runtime.Extensions.Refactorings": "10.5.0",
          "Thinktecture.Runtime.Extensions.SourceGenerator": "10.5.0"
        }
      },
      "Thinktecture.Runtime.Extensions.Analyzers": {
        "type": "Direct",
        "requested": "[10.5.0, )",
        "resolved": "10.5.0",
        "contentHash": "bQsk8iwrLKqrNa9bQCspZIxfwd3sTYjctgl93Rr6MM9094klyBVJRv5BpAF17TvTv+YAcXkjD2rjEw393O22VA=="
      },
      "xunit.analyzers": {
        "type": "Direct",
        "requested": "[2.0.0, )",
        "resolved": "2.0.0",
        "contentHash": "2UtauxWDa9C6bT7MvFfZkNoFulfflb00jnDU2xeVO9Y58l4Ah2Mv/HiMs4b0zdpK/SfAxpajkgKNMN8zBKa+7Q=="
      },
      "xunit.v3.assert": {
        "type": "Direct",
        "requested": "[4.0.0, )",
        "resolved": "4.0.0",
        "contentHash": "QxYfC+98lCMe7Kl9iWDUeUn+gmiPJ2Sz/r+trSdp1mvKyDMXj8S1kYdfkFNJSHyUSQ6KWomenSDgfWhGpR8zEQ=="
      },
      "xunit.v3.extensibility.core": {
        "type": "Direct",
        "requested": "[4.0.0, )",
        "resolved": "4.0.0",
        "contentHash": "+tTe9VX2vwrUHGI48FE4ly956Ry084wPH4I/7g5D36AkAMGjQRZZDVz8eH2GwX/CLS9PDQRSca534WyrAYsyzw==",
        "dependencies": {
          "xunit.v3.common": "[4.0.0]"
        }
      },
      "Microsoft.Bcl.AsyncInterfaces": {
        "type": "Transitive",
        "resolved": "6.0.0",
        "contentHash": "UcSjPsst+DfAdJGVDsu346FX0ci0ah+lw3WRtn18NUwEqRt70HaOQ7lI72vy3+1LxtqI3T5GWwV39rQSrCzAeg=="
      },
      "Thinktecture.Runtime.Extensions.Refactorings": {
        "type": "Transitive",
        "resolved": "10.5.0",
        "contentHash": "gQ3nUQ/Gyg/IO36tGH9gO+OP9ovQNZqPcLiZ+GYkwr7D9rIYMgaXYbHQdzeiAgR/J4yjIoyYdwRyg9Moo/RPJA=="
      },
      "Thinktecture.Runtime.Extensions.SourceGenerator": {
        "type": "Transitive",
        "resolved": "10.5.0",
        "contentHash": "g1Cev5PIPZexcD2djZsDgofxPahTez7a8epx/LehFOmQoK3KFBe0dcHKW2lwPPxZdWznFo9DU6uhY70PnICYPw=="
      },
      "xunit.v3.common": {
        "type": "CentralTransitive",
        "requested": "[4.0.0, )",
        "resolved": "4.0.0",
        "contentHash": "cjaNGmOVA5QJxcp6uuSsDhbt0lNmxezFo226mbYOuXm9E9Owq8bYTKxa9wnAMZRnbvyCmCYhAvc/+UAzf0M2vA==",
        "dependencies": {
          "Microsoft.Bcl.AsyncInterfaces": "6.0.0"
        }
      }
    }
  }
}