{
  "version": 2,
  "dependencies": {
    "net10.0": {
      "JetBrains.Annotations": {
        "type": "Direct",
        "requested": "[2026.2.0, )",
        "resolved": "2026.2.0",
        "contentHash": "drvAEaI7Xf4wU6dx4UTB9MoZWXZlraaQ0qoeThPQ411FxNhId7QdUTukIC9I8aUHP0ycAaGwZNKqSvfOZQvUlg=="
      },
      "LanguageExt.Core": {
        "type": "Direct",
        "requested": "[5.0.0-beta-77, )",
        "resolved": "5.0.0-beta-77",
        "contentHash": "zVBqn2alHIDTOSjgWDUo31irEg59ZfM6T8e24UcUn6o/F+5Qr0jRjGPp2LzME7PHyKh+crK+boBmdCAFguwqjw=="
      },
      "MathNet.Numerics": {
        "type": "Direct",
        "requested": "[6.0.0-beta2, )",
        "resolved": "6.0.0-beta2",
        "contentHash": "ew55vr5MqCEokG0jRsndoRSPNxdDvSgGwhWyxEFhzc8EuGn3TNtSGKRppCcpHnwXtjFiUvFBN+BBo75yrdKOrQ=="
      },
      "Meziantou.Analyzer": {
        "type": "Direct",
        "requested": "[3.0.115, )",
        "resolved": "3.0.115",
        "contentHash": "HXp8maNxVdqsZWHjZmpoDdvecmxgEkY1juAFPyKI4edN+PhLBinnCov7UkVmYFgdlGRo8BDmY6ZzE4RkJee19A=="
      },
      "Microsoft.VisualStudio.Threading.Analyzers": {
        "type": "Direct",
        "requested": "[18.7.23, )",
        "resolved": "18.7.23",
        "contentHash": "dyj6z8m+LFjpeH69hdnciCcRCmD0YgMlvuQEywiEshjqj/blgQ+PuWX8Vd5gkWQFoBN4e+TFxx6DvGNSv/gIKg=="
      },
      "RectangleBinPack.CSharp": {
        "type": "Direct",
        "requested": "[1.0.4, )",
        "resolved": "1.0.4",
        "contentHash": "CVbSOftkn5PCbQbx9JOYNFta6c0OzlTjeZF2lfEdo4r1G2RgZz3FSRLLOUBisfucnfkdEsaxJq12svPKmtVvxA=="
      },
      "Thinktecture.Runtime.Extensions": {
        "type": "Direct",
        "requested": "[10.4.0, )",
        "resolved": "10.4.0",
        "contentHash": "FYD82RNsKOmn4aZobZYXBNTKMSTu9JVu50mGREM0AJp/125L2L7XXYdcIxw0kjNQ5AUTRJoROK0g0s2/kO8f4w==",
        "dependencies": {
          "Thinktecture.Runtime.Extensions.Analyzers": "10.4.0",
          "Thinktecture.Runtime.Extensions.Refactorings": "10.4.0",
          "Thinktecture.Runtime.Extensions.SourceGenerator": "10.4.0"
        }
      },
      "Thinktecture.Runtime.Extensions.Json": {
        "type": "Direct",
        "requested": "[10.4.0, )",
        "resolved": "10.4.0",
        "contentHash": "0P4ImGMK/C1B2LxVd2BHjl4DdRCCohIdQaP7tYVnYrvn07on1M6jmUMjA4VrfRaXvRUynSNWNeDolPWra+l0Ug==",
        "dependencies": {
          "Thinktecture.Runtime.Extensions": "10.4.0"
        }
      },
      "Thinktecture.Runtime.Extensions.MessagePack": {
        "type": "Direct",
        "requested": "[10.4.0, )",
        "resolved": "10.4.0",
        "contentHash": "zrcnVlLxtNAzqmGFq7wyj0wme1UOhtHPHPg1vcsv1z7ecKcgWRUxq6On5BwZucZrbnO9bzP5v1h6G5pMmfYmZg==",
        "dependencies": {
          "MessagePack": "2.5.302",
          "Thinktecture.Runtime.Extensions": "10.4.0"
        }
      },
      "UnitsNet": {
        "type": "Direct",
        "requested": "[5.75.0, )",
        "resolved": "5.75.0",
        "contentHash": "CgzvfvE2FaFE+swo7SzZFjhosmh4GpiVJ7Y1N4cQ1qChaUaw3ymw4al+ZxpoBh1RFoo88d+fo2SG194P9G1X+A=="
      },
      "VividOrange.InteractionDiagram": {
        "type": "Direct",
        "requested": "[0.2.1, )",
        "resolved": "0.2.1",
        "contentHash": "+elRkXBtb8ft702x6zcZBh2ommSRck7M7W3TEcCYGmi7x1LeWpEfRS0f4R5nuFnnUEcpiSkQuakIqiTsav0NrQ==",
        "dependencies": {
          "MIConvexHull": "1.1.19.1019",
          "Triangle": "0.0.6-Beta3",
          "VividOrange.ForceMomentInteraction": "0.2.1",
          "VividOrange.Geometry": "1.8.0",
          "VividOrange.IForceMomentInteraction": "0.2.1",
          "VividOrange.Materials": "0.1.0",
          "VividOrange.Profiles.Perimeter": "0.1.0",
          "VividOrange.Sections": "0.1.0"
        }
      },
      "VividOrange.Materials": {
        "type": "Direct",
        "requested": "[0.1.0, )",
        "resolved": "0.1.0",
        "contentHash": "2nlilZj2eukAEQE905vhkS8nzscaFfij964yCTNynLDB4F9lfH/tGeUkGDZt3rAS7rWtOfUcDIe+7XgeSLkziQ==",
        "dependencies": {
          "UnitsNet": "5.75.0",
          "VividOrange.IMaterials": "0.1.0",
          "VividOrange.Standards": "0.1.0"
        }
      },
      "VividOrange.Profiles.Catalogue": {
        "type": "Direct",
        "requested": "[0.1.0, )",
        "resolved": "0.1.0",
        "contentHash": "vcknVvZOC/UqELlrDAV8+rQ00jTErhX9Lctv9+zTqiUiAsJj4yPBSyHI4j03qtUakXuDIRJ5CPKcxXZ4A7NbmQ==",
        "dependencies": {
          "VividOrange.IProfiles": "0.1.0"
        }
      },
      "VividOrange.Sections": {
        "type": "Direct",
        "requested": "[0.1.0, )",
        "resolved": "0.1.0",
        "contentHash": "V3jeyJO/mV+iMzngm6q3pTYv+w4hm9jYjXo40Saj0dUtlCos3IZP/F0DBi7y9lgi7Xy+bKXbrLxGHNLLM1xYbQ==",
        "dependencies": {
          "VividOrange.Geometry": "1.8.0",
          "VividOrange.IMaterials": "0.1.0",
          "VividOrange.IProfiles": "0.1.0",
          "VividOrange.ISections": "0.1.0",
          "VividOrange.Profiles.Perimeter": "0.1.0"
        }
      },
      "VividOrange.Sections.SectionProperties": {
        "type": "Direct",
        "requested": "[0.1.0, )",
        "resolved": "0.1.0",
        "contentHash": "zZf1S+5EDVQVudj1zRGu4YAW2L9UUFKdI4rQN8u7Br77mJ4qPDG2buCjx2gfw3bDhSashbmgdp0KoYisVVhDgg==",
        "dependencies": {
          "VividOrange.Geometry": "1.8.0",
          "VividOrange.Profiles.Perimeter": "0.1.0",
          "VividOrange.Sections.ISectionProperties": "0.1.0"
        }
      },
      "VividOrange.Standards": {
        "type": "Direct",
        "requested": "[0.1.0, )",
        "resolved": "0.1.0",
        "contentHash": "Hx2StUqIFt+0tsKQQb1e954pMu05DY8WuIIC0r5P0iUBAMA4rnb8hpVUa/Sy/P5Ydq3aK4+173b4/gVXJu02jQ==",
        "dependencies": {
          "VividOrange.IStandards": "0.1.0"
        }
      },
      "VividOrange.Uncertainties": {
        "type": "Direct",
        "requested": "[0.2.0, )",
        "resolved": "0.2.0",
        "contentHash": "5GfbhSTKA1dbsxORqrUPcbXPXKY7A48OkJDWU776BXXS+luDMiV7q6598LZgg9fSBjdDlRe4vQ19/kxybugJFw==",
        "dependencies": {
          "VividOrange.IUncertainties": "0.2.0"
        }
      },
      "VividOrange.Uncertainties.Quantities": {
        "type": "Direct",
        "requested": "[0.2.0, )",
        "resolved": "0.2.0",
        "contentHash": "AHqSSZlEaJckYMKzL1iC+5VinfM1fDEXgiVUKGLMGREXPl7GWhb1bh50rnuwRnKZNoZbQsotUbgkE8bv93Ywgg==",
        "dependencies": {
          "UnitsNet": "5.75.0",
          "VividOrange.IUncertainties": "0.2.0"
        }
      },
      "Wacton.Unicolour": {
        "type": "Direct",
        "requested": "[7.0.0, )",
        "resolved": "7.0.0",
        "contentHash": "5otnmBDAIugnZpJrcS/NB8B5yfl6/OuII3/hvlZCgLzbpxJb0+UnMkwZ/bMp54Qkjpoo7Rzl+x6EFsnpjTE6XQ=="
      },
      "Wacton.Unicolour.Datasets": {
        "type": "Direct",
        "requested": "[4.0.0, )",
        "resolved": "4.0.0",
        "contentHash": "Vk3NbKe9U7F4AwaBfqEecfMvmD1PC3M9CH8ei51aGWfqzc1mPaClQPCbhnLbvWpaP0oj0VWfsOgK4G76VfQr3A==",
        "dependencies": {
          "Wacton.Unicolour": "7.0.0"
        }
      },
      "Generator.Equals.Runtime": {
        "type": "Transitive",
        "resolved": "4.0.0",
        "contentHash": "EGTPKjTvZPizf2gC9pfsW1k2VEqNSjD7M52Hw7i0a5cRzWP4IWvu6LKv4e0yKmTjDqBPtG9QwTtsy+6zFq41vw==",
        "dependencies": {
          "Microsoft.Bcl.HashCode": "6.0.0"
        }
      },
      "MessagePack.Annotations": {
        "type": "Transitive",
        "resolved": "3.1.7",
        "contentHash": "IW1yX9viarFl/Dsio5G+pM90JkOSW4xhAiJcKxPPF5rzyp2/yCpieWju8G99QLEmaQeze2uQMEskUBA59YZmkw=="
      },
      "Microsoft.Bcl.HashCode": {
        "type": "Transitive",
        "resolved": "6.0.0",
        "contentHash": "GI4jcoi6eC9ZhNOQylIBaWOQjyGaR8T6N3tC1u8p3EXfndLCVNNWa+Zp+ocjvvS3kNBN09Zma2HXL0ezO0dRfw=="
      },
      "Microsoft.NETCore.Platforms": {
        "type": "Transitive",
        "resolved": "1.0.1-rc2-24027",
        "contentHash": "BIZpJMovdHgUbCrZR9suwwLpZMNehIkaFKiIb9X5+wPjXNHMSQ91ETSASAnEXERyU7+ptJAfJGqgr3Y9ly98MQ==",
        "dependencies": {
          "Microsoft.NETCore.Targets": "1.0.1-rc2-24027"
        }
      },
      "Microsoft.NETCore.Runtime": {
        "type": "Transitive",
        "resolved": "1.0.2-rc2-24027",
        "contentHash": "z/R3npq0vJi1urIComaxGXX2CCfv27N78pNa3dMG4fyCQZA6u50v8ttWFnPV1caSN1O5JvDavqpBXVT1FdHcrA==",
        "dependencies": {
          "Microsoft.NETCore.Runtime.CoreCLR": "1.0.2-rc2-24027",
          "Microsoft.NETCore.Runtime.Native": "1.0.2-rc2-24027"
        }
      },
      "Microsoft.NETCore.Runtime.CoreCLR": {
        "type": "Transitive",
        "resolved": "1.0.2-rc2-24027",
        "contentHash": "ANtMxCAN/4krahv/EnSHzTMosrTb3lwMrxqR+NBNLGOhXPs+Vo/UiUSOppF30CHJjK0mQvRMJyQrOGTRKmv64Q==",
        "dependencies": {
          "Microsoft.NETCore.Windows.ApiSets": "1.0.1-rc2-24027"
        }
      },
      "Microsoft.NETCore.Runtime.Native": {
        "type": "Transitive",
        "resolved": "1.0.2-rc2-24027",
        "contentHash": "aUtA5PJE7rGp0v6aKdYefj8GGpbf5nsND7xlMzPf0+n00YeYuM65sQtrd3TwtQlfmN4J57d40wfzEM3suVwWlg=="
      },
      "Microsoft.NETCore.Targets": {
        "type": "Transitive",
        "resolved": "1.0.1-rc2-24027",
        "contentHash": "pNy4HhkgeM1kE/IqtDQLfUcMpy3NB3B/p8J/71G9Wvu2p/ARRH2hjq1TkETiqQW7ER9aFUs86wmgHyk3dtDgVQ=="
      },
      "Microsoft.NETCore.Windows.ApiSets": {
        "type": "Transitive",
        "resolved": "1.0.1-rc2-24027",
        "contentHash": "/G/btXCgCbBpwWeeOoOiCAwayjcjPPW1hYqJ4uvreFA0J0+vu6o4pKQcypEz0X4CzmmUdcYG9hO6i43nBNBumg=="
      },
      "NETStandard.Library": {
        "type": "Transitive",
        "resolved": "1.5.0-rc2-24027",
        "contentHash": "4f0PviqALhzt6cOGUFibsaXKN+Rh/lwF95LXH9sYURkGjrn28NvkbK18Zw5BXLIL2v2TqzPgaSKsKhUniNMtXA==",
        "dependencies": {
          "Microsoft.NETCore.Platforms": "1.0.1-rc2-24027",
          "Microsoft.NETCore.Runtime": "1.0.2-rc2-24027"
        }
      },
      "Thinktecture.Runtime.Extensions.Analyzers": {
        "type": "Transitive",
        "resolved": "10.4.0",
        "contentHash": "QS30Y6+zrp8RBk2aVv1QB5f9POAMWNi5w8v8c4XADLZteH3zJZJDOD94HBrfKrnu+NZS0H5uFaTVGULMZQOq7w=="
      },
      "Thinktecture.Runtime.Extensions.Refactorings": {
        "type": "Transitive",
        "resolved": "10.4.0",
        "contentHash": "X4T9nHpYH6B19FxL17Ffk2MxjU1Z7kqI4+J42ylgDdnCoCBCvAjCdAtVtbLsKcABuSV/a6clhuvdDPKLDP5bfQ=="
      },
      "Thinktecture.Runtime.Extensions.SourceGenerator": {
        "type": "Transitive",
        "resolved": "10.4.0",
        "contentHash": "1jNrYo/7Syow8Vu+vY3LygJ7Erc9fagkobAdANxAkyg7G+9abnxZQ+cr4QbWPErGDe1mfCDQiO9crIjdG6DQJw=="
      },
      "VividOrange.Taxonomy.ISerialization": {
        "type": "Transitive",
        "resolved": "0.2.0",
        "contentHash": "InpgxLSt5OY8WfgfuUg0fChCqcZ5TXMWYQ8shm7C0yUQLG7/6J7PDEEo5J8v15h8ExGGapLgB3drlL/iFLTTYw=="
      },
      "csp.contracts": {
        "type": "Project",
        "dependencies": {
          "JetBrains.Annotations": "[2026.2.0, )"
        }
      },
      "rasm": {
        "type": "Project",
        "dependencies": {
          "CSparse": "[4.4.0, )",
          "CavalierContours": "[1.0.0, )",
          "Clipper2": "[2.0.0, )",
          "Csp.Contracts": "[1.0.0, )",
          "ExtendedNumerics.BigRational": "[3000.0.2.132, )",
          "GShark": "[2.3.1, )",
          "JetBrains.Annotations": "[2026.2.0, )",
          "LanguageExt.Core": "[5.0.0-beta-77, )",
          "LibTessDotNet": "[1.1.15, )",
          "MIConvexHull": "[1.1.19.1019, )",
          "MathNet.Numerics": "[6.0.0-beta2, )",
          "MathNet.Numerics.Providers.MKL": "[6.0.0-beta2, )",
          "MathNet.Numerics.Providers.OpenBLAS": "[6.0.0-beta2, )",
          "PeterO.Numbers": "[1.8.2, )",
          "SharpVoronoiLib": "[1.2.0, )",
          "Supercluster.KDTree.Net": "[1.0.22, )",
          "System.IO.Hashing": "[10.0.9, )",
          "System.Numerics.Tensors": "[10.0.9, )",
          "TYoshimura.DoubleDouble": "[5.0.8, )",
          "Thinktecture.Runtime.Extensions": "[10.4.0, )",
          "Triangle": "[0.0.6-Beta3, )",
          "geometry3Sharp": "[1.0.324, )"
        }
      },
      "rasm.element": {
        "type": "Project",
        "dependencies": {
          "Csp.Contracts": "[1.0.0, )",
          "Generator.Equals": "[4.0.0, )",
          "JetBrains.Annotations": "[2026.2.0, )",
          "LanguageExt.Core": "[5.0.0-beta-77, )",
          "NodaTime": "[3.3.2, )",
          "QuikGraph": "[2.5.0, )",
          "Rasm": "[1.0.0, )",
          "Riok.Mapperly": "[4.3.1, )",
          "System.IO.Hashing": "[10.0.9, )",
          "Thinktecture.Runtime.Extensions": "[10.4.0, )",
          "Thinktecture.Runtime.Extensions.Json": "[10.4.0, )",
          "UnitsNet": "[5.75.0, )"
        }
      },
      "CavalierContours": {
        "type": "CentralTransitive",
        "requested": "[1.0.0, )",
        "resolved": "1.0.0",
        "contentHash": "7kdgU+JFFQHXPzAIUXovXyxVPLCjpXh+vKU50yNledeXPRa11hxej6B8OoaLbGLAV3JfEbfmlxbrodK6sUItPg=="
      },
      "Clipper2": {
        "type": "CentralTransitive",
        "requested": "[2.0.0, )",
        "resolved": "2.0.0",
        "contentHash": "2X23RZxJrjRjOSZc20aqXY9jpmHLekDRy4PIMfrsi2LPNzxFYlnuqzX/nLdk77fbURHUeX+gMhUn2a1z9/wMTQ=="
      },
      "CSparse": {
        "type": "CentralTransitive",
        "requested": "[4.4.0, )",
        "resolved": "4.4.0",
        "contentHash": "MgiHddgPDkcFr9KtYK3mJFUBEsjcCblGmEGlSvXVT1999EIOyH6XO6vVeuw9YFmYb7JyR8U+/++vZyhgVxDWbg=="
      },
      "ExtendedNumerics.BigRational": {
        "type": "CentralTransitive",
        "requested": "[3000.0.2.132, )",
        "resolved": "3000.0.2.132",
        "contentHash": "Hb5jQsseiLtRhk+O132hkq3ibO4/6v6WyPu714GwYtHje3HNWoItnaNy7DVhcA8wanhwku6sUk40R8/fBiX7tA=="
      },
      "Generator.Equals": {
        "type": "CentralTransitive",
        "requested": "[4.0.0, )",
        "resolved": "4.0.0",
        "contentHash": "JrcUskhhgKaoUtRnTODx/W5itfcEQ0gwYm2J1YtsCzbejXHNa13Z/6DvkYkmrDUASOCxovGi9Q1j+Y7MhPwrug==",
        "dependencies": {
          "Generator.Equals.Runtime": "4.0.0"
        }
      },
      "geometry3Sharp": {
        "type": "CentralTransitive",
        "requested": "[1.0.324, )",
        "resolved": "1.0.324",
        "contentHash": "vdEC1zaX6lV8LI9BvqizplraEJ6zFE98rMM+hDZqVPXMtwDIIY/RpTQQtxe043E9gsSdx0Xyz1TbSqIYQnBPaw=="
      },
      "GShark": {
        "type": "CentralTransitive",
        "requested": "[2.3.1, )",
        "resolved": "2.3.1",
        "contentHash": "WdMXLzNiRy/StHGpt9MgftlFkWuGJ65Ly6ilzGfx0gmkglWfhprT8N5kDjtrBxj/9ISU+0dKJA7UvJdWJtyVsQ=="
      },
      "LibTessDotNet": {
        "type": "CentralTransitive",
        "requested": "[1.1.15, )",
        "resolved": "1.1.15",
        "contentHash": "KuA7N3Nv/lIeawJdQBQJR6oqWD9KETHLbWzBqapwFs+Tby+R5I4crkKujKMm5bXcSuFZ8LNtflFQVadsWCbBjg=="
      },
      "MathNet.Numerics.Providers.MKL": {
        "type": "CentralTransitive",
        "requested": "[6.0.0-beta2, )",
        "resolved": "6.0.0-beta2",
        "contentHash": "clfQCGFUtT5csP8B8iHEYJnVkW1fhBlW0xvv3hHQM54VbVUYGK2TuRtNvznSBkK7jhj7JjJ6EVw2Bzli/pz+Ug==",
        "dependencies": {
          "MathNet.Numerics": "6.0.0-beta2"
        }
      },
      "MathNet.Numerics.Providers.OpenBLAS": {
        "type": "CentralTransitive",
        "requested": "[6.0.0-beta2, )",
        "resolved": "6.0.0-beta2",
        "contentHash": "IQb4xRyrkwYFd6XQz5pvj1bpHhCrzX09kvBSOcuqcPUFKbZRwUNm7Ht7uhLc0oP6DkWSyJGUuRkgy8/nJp9Z7Q==",
        "dependencies": {
          "MathNet.Numerics": "6.0.0-beta2"
        }
      },
      "MessagePack": {
        "type": "CentralTransitive",
        "requested": "[3.1.7, )",
        "resolved": "3.1.7",
        "contentHash": "gXpifaxbhfBqh8bVToQn9j+OgCnhXWMbRCV7RQIbCVa9CNJG1fY6oHAYYl+ER3Tb9uUIHiQ5QbGiGwwFhoagbA==",
        "dependencies": {
          "MessagePack.Annotations": "3.1.7",
          "MessagePackAnalyzer": "3.1.7",
          "Microsoft.NET.StringTools": "17.11.4"
        }
      },
      "MessagePackAnalyzer": {
        "type": "CentralTransitive",
        "requested": "[3.1.7, )",
        "resolved": "3.1.7",
        "contentHash": "ZF+OOJTRS7Ogzb4gG36hPKVQk3kEbp6kkUcdRjhddDq/uSGcV4BKIdYiyJipExXyE/zsqYb0ic215O9kI+fjPA=="
      },
      "MIConvexHull": {
        "type": "CentralTransitive",
        "requested": "[1.1.19.1019, )",
        "resolved": "1.1.19.1019",
        "contentHash": "Qz0BIRVyflj9jMkIKG1tpON5Xz1lFEA9XyRH0Pw5qIsCE75heHF4cHrBr8RqvQJRaaNXH+5jdWAfFP3m3OfTOA=="
      },
      "Microsoft.NET.StringTools": {
        "type": "CentralTransitive",
        "requested": "[18.7.1, )",
        "resolved": "18.7.1",
        "contentHash": "OhuO9c4ZqYBaqB7INwOpDLa7wX0VkR2T3MhjUSsPebLvZi0/Z7QzeeD5uiINd9L9Wev+EwvNUiF3N2hWVtdFPQ=="
      },
      "Newtonsoft.Json": {
        "type": "CentralTransitive",
        "requested": "[13.0.4, )",
        "resolved": "13.0.4",
        "contentHash": "pdgNNMai3zv51W5aq268sujXUyx7SNdE2bj1wZcWjAQrKMFZV260lbqYop1d2GM67JI1huLRwxo9ZqnfF/lC6A=="
      },
      "NodaTime": {
        "type": "CentralTransitive",
        "requested": "[3.3.2, )",
        "resolved": "3.3.2",
        "contentHash": "8hI5b1ENTKQCaPyU6YHpYiMwj5aJKZ4Mnv0bLbhk65Dd44gQsXenUohMzyiIphANa8LdW6vcOvpY/l1urvx4dw=="
      },
      "PeterO.Numbers": {
        "type": "CentralTransitive",
        "requested": "[1.8.2, )",
        "resolved": "1.8.2",
        "contentHash": "d+A5KLoWbwOTpvubPaGXLgCzANE00jXmsT+yneHwLe2OlobBBFLaIHyoDwmekuHM17z9hU++RF6mL+zZ2x69nA=="
      },
      "QuikGraph": {
        "type": "CentralTransitive",
        "requested": "[2.5.0, )",
        "resolved": "2.5.0",
        "contentHash": "sG+mrPpXwxlXknRK5VqWUGiOmDACa9X+3ftlkQIMgOZUqxVOQSe0+HIU9PTjwqazy0pqSf8MPDXYFGl0GYWcKw=="
      },
      "Riok.Mapperly": {
        "type": "CentralTransitive",
        "requested": "[4.3.1, )",
        "resolved": "4.3.1",
        "contentHash": "oSE+OVLHyiojrws0QVbQaAT2YKsYbyHqJXPdV7EhGseR/dYgeWS2x1T5qY5I4E+RJkJqMSG+FyZOq4SljWgJWQ=="
      },
      "SharpVoronoiLib": {
        "type": "CentralTransitive",
        "requested": "[1.2.0, )",
        "resolved": "1.2.0",
        "contentHash": "OQdSdzc5IlC3Sv/Wd8FEJCzm4AUxW4ivN4yze42/44I2hZVb+qHuE8cyRVrY5LIOrg1RxC2kuVJTpmWGn85y2g=="
      },
      "Supercluster.KDTree.Net": {
        "type": "CentralTransitive",
        "requested": "[1.0.22, )",
        "resolved": "1.0.22",
        "contentHash": "rjC8AszwNCbmcfRT/BRJzpMsBwhUAyuyeJo5PGkDwFQhZGsG8gharXiIZw3GO6jv0ubLddDyDtvIwn0MUmdUiw=="
      },
      "System.IO.Hashing": {
        "type": "CentralTransitive",
        "requested": "[10.0.9, )",
        "resolved": "10.0.9",
        "contentHash": "vixglGnKEexAJDeIRhyayZYzxyrgK1K9GU3K/zRZVwDbaDcMkSqj4WDHoVmQMNfsdUtLALfNSJw6mBIpdxie4A=="
      },
      "System.Numerics.Tensors": {
        "type": "CentralTransitive",
        "requested": "[10.0.9, )",
        "resolved": "10.0.9",
        "contentHash": "Rb71S3gggYVwEce9ugNw91vbr4vC4gThtx/imSJtLBW3AupEKujJPPQL6xF9q0DcNm6+z7hnYk7XqXaUpA4wDg=="
      },
      "Triangle": {
        "type": "CentralTransitive",
        "requested": "[0.0.6-Beta3, )",
        "resolved": "0.0.6-Beta3",
        "contentHash": "iaFs9/Vu25HeeETuTD99VX5C2qxcUgiH3S+zjUxI64VzOCVj9GT8/89CfE1j+euGjXPDedaS/DNq5JrKxv5LuQ==",
        "dependencies": {
          "NETStandard.Library": "1.5.0-rc2-24027"
        }
      },
      "TYoshimura.DoubleDouble": {
        "type": "CentralTransitive",
        "requested": "[5.0.8, )",
        "resolved": "5.0.8",
        "contentHash": "uv/osrv2ZwBdgij6HvOBmojPnnuZ0nNwGPZVFOO9aKlV6/IHl3TOsP4a7XRlS8SUIPUUKqhynG5HQTeaNh8WVA=="
      },
      "UnitsNet.Serialization.JsonNet": {
        "type": "CentralTransitive",
        "requested": "[5.50.0, )",
        "resolved": "5.50.0",
        "contentHash": "OUoQAskIE10Urbh4ucoSwAAxnq2GlsNDH8Vg3FnAvf8w9bS96p3hjWkyI8leMD0v6yp6tDt8z7kh3rsBucwWDg==",
        "dependencies": {
          "Newtonsoft.Json": "13.0.2",
          "UnitsNet": "5.50.0"
        }
      },
      "VividOrange.ForceMomentInteraction": {
        "type": "CentralTransitive",
        "requested": "[0.2.1, )",
        "resolved": "0.2.1",
        "contentHash": "jiFMfgIL98lfNILtOESxDzsqU7e+yCM8euHL1rCKgbT1ECCSyDSVYsMZhUG4TRcXLWyRHbrDTMuGMB2PyLXVyw==",
        "dependencies": {
          "VividOrange.Geometry": "1.8.0",
          "VividOrange.IForceMomentInteraction": "0.2.1"
        }
      },
      "VividOrange.Geometry": {
        "type": "CentralTransitive",
        "requested": "[1.8.0, )",
        "resolved": "1.8.0",
        "contentHash": "Z6ICRE7qJ3b5CDfTh1T3JYavkQT4IwrYqV4GDkdJ8CY/L6/VqiCiDxgvxU0dz3AKS92yHDcdx//shlE+XjMbPQ==",
        "dependencies": {
          "VividOrange.IGeometry": "1.8.0"
        }
      },
      "VividOrange.ICartesianBase": {
        "type": "CentralTransitive",
        "requested": "[1.8.0, )",
        "resolved": "1.8.0",
        "contentHash": "gabEfSDpqX2/Ae5oRe69n/nBS8mas30VhI9x3SJb90TqJbHUo6MWNh85/UJLaovzOJpDq2cuw13vfyuZVGlSOQ==",
        "dependencies": {
          "UnitsNet": "5.75.0"
        }
      },
      "VividOrange.IForceMomentInteraction": {
        "type": "CentralTransitive",
        "requested": "[0.2.1, )",
        "resolved": "0.2.1",
        "contentHash": "+qV6Fgdmcmy5h6hAPtfm0DPr6kjdEUaFblrWwQLEQEUYKno1pO1iyyoKAMuRwwQfAiaZv/YtVyCFBX4I6n9+BQ==",
        "dependencies": {
          "UnitsNet": "5.75.0",
          "VividOrange.ICartesianBase": "1.8.0",
          "VividOrange.Serialization": "0.1.0"
        }
      },
      "VividOrange.IGeometry": {
        "type": "CentralTransitive",
        "requested": "[1.8.0, )",
        "resolved": "1.8.0",
        "contentHash": "ychtp6o2TERpi0eS3hmVaY0l8+7zM7/MWWJr1GMSEC/ZCGfG3HWNn1rEOYXtY6/7q7YeAkdlqxv7aUlYneyfMQ==",
        "dependencies": {
          "VividOrange.ICartesianBase": "1.8.0"
        }
      },
      "VividOrange.IMaterials": {
        "type": "CentralTransitive",
        "requested": "[0.1.0, )",
        "resolved": "0.1.0",
        "contentHash": "tJAo9avBzUQaI9B28L7InRlPlkXUexq1fKv6GQPp/o+Zdfx2gm8Ftx6H9vvfFbwhwDcTVyTidWwIX2xNoyTivQ==",
        "dependencies": {
          "UnitsNet": "5.75.0",
          "VividOrange.ISerialization": "0.1.0",
          "VividOrange.IStandards": "0.1.0"
        }
      },
      "VividOrange.IProfiles": {
        "type": "CentralTransitive",
        "requested": "[0.1.0, )",
        "resolved": "0.1.0",
        "contentHash": "jFelFWS4Wo7c+7LGxRQDHIljvegYLa49mbMqN3p5Eqx92AhH4w8OdlhMWkWFPIowOg9qkUNWwR5jRIav84slUw==",
        "dependencies": {
          "UnitsNet": "5.75.0",
          "VividOrange.ISerialization": "0.1.0"
        }
      },
      "VividOrange.ISections": {
        "type": "CentralTransitive",
        "requested": "[0.1.0, )",
        "resolved": "0.1.0",
        "contentHash": "DoQhSyL3c1Sbgc3v1c3BxhaCYSpVC1I9ae+6HZow3Q2KKzRdf/KnHmrRErCSEV3LAP6HZE/bjAJgNVjJYlFByQ==",
        "dependencies": {
          "VividOrange.IGeometry": "1.8.0",
          "VividOrange.IMaterials": "0.1.0",
          "VividOrange.IProfiles": "0.1.0"
        }
      },
      "VividOrange.ISerialization": {
        "type": "CentralTransitive",
        "requested": "[0.1.0, )",
        "resolved": "0.1.0",
        "contentHash": "zF0yGlbs4Su3baGb6TaKnuh/b1N98J/35T6wbIVNVnnEoY3JiNJvYoK6p5x6DIezjs7L0fGefAI9vqXKfa+Vtg=="
      },
      "VividOrange.IStandards": {
        "type": "CentralTransitive",
        "requested": "[0.1.0, )",
        "resolved": "0.1.0",
        "contentHash": "dhp3Nhggv7lB2aCN9p5ejcd6dYe+0zNRPkHfzENjxWPyCNOd2cwBVVAAKOYQ2Pyj7zFdx/UmRG+RwrGHZqdKUg==",
        "dependencies": {
          "VividOrange.ISerialization": "0.1.0"
        }
      },
      "VividOrange.IUncertainties": {
        "type": "CentralTransitive",
        "requested": "[0.2.0, )",
        "resolved": "0.2.0",
        "contentHash": "ABAyw/kwCSGRCktuimpTIwjzb1GCmt+Zh2NWnQreFkuRHrbcTwh8ytOKkzIVyZGbOBtMYVbJQ2lSxLwQhA+Q3A==",
        "dependencies": {
          "VividOrange.Taxonomy.ISerialization": "0.2.0"
        }
      },
      "VividOrange.Profiles": {
        "type": "CentralTransitive",
        "requested": "[0.1.0, )",
        "resolved": "0.1.0",
        "contentHash": "07XsnMiuqXFxot/2h+svPyJyzBU9Vp4e35mgrVEfwY8BvezpnBKZRzrXN+L3y+6UM6ioQn1PpicdPC3zs4f2kQ==",
        "dependencies": {
          "VividOrange.IProfiles": "0.1.0"
        }
      },
      "VividOrange.Profiles.Perimeter": {
        "type": "CentralTransitive",
        "requested": "[0.1.0, )",
        "resolved": "0.1.0",
        "contentHash": "AjZix5BcVusadfjpPGDJvSN5HvJKFoREsXJ4b9cN5JAKEf15NBkQwSp3gK+9vnXJMmaJkancQWT3+RbOkWkqGA==",
        "dependencies": {
          "VividOrange.Geometry": "1.8.0",
          "VividOrange.IProfiles": "0.1.0",
          "VividOrange.Profiles": "0.1.0"
        }
      },
      "VividOrange.Sections.ISectionProperties": {
        "type": "CentralTransitive",
        "requested": "[0.1.0, )",
        "resolved": "0.1.0",
        "contentHash": "YfZKkLqcZ9vA41K6McVPIDUIicJJ/svUIWlww+x5/0WOPLyudWvhmjftKgJXZEX6bql/X/mp+JCDyT6SXV7ybA==",
        "dependencies": {
          "VividOrange.IGeometry": "1.8.0",
          "VividOrange.ISections": "0.1.0",
          "VividOrange.ISerialization": "0.1.0"
        }
      },
      "VividOrange.Serialization": {
        "type": "CentralTransitive",
        "requested": "[0.1.0, )",
        "resolved": "0.1.0",
        "contentHash": "R7jZdVxwc7Gi3gc48b318d3KlMzVAAZlaWIcLpYw6QlOzh6l8sCveIcQWY49jFv8o55ufAq9uLervkZKrpDUpw==",
        "dependencies": {
          "Newtonsoft.Json": "13.0.4",
          "UnitsNet.Serialization.JsonNet": "5.50.0",
          "VividOrange.ISerialization": "0.1.0"
        }
      }
    }
  }
}