{
  "version": 2,
  "dependencies": {
    "net10.0": {
      "JetBrains.Annotations": {
        "type": "Direct",
        "requested": "[2025.2.4, )",
        "resolved": "2025.2.4",
        "contentHash": "TwbgxAkXxY+vNEhNVx/QXjJ4vqxmepOjsgRvvImQPbHkHMMb4W+ahL3laMsxXKtNT7iMy+E1B3xkqao2hf1n3A=="
      },
      "LanguageExt.Core": {
        "type": "Direct",
        "requested": "[5.0.0-beta-77, )",
        "resolved": "5.0.0-beta-77",
        "contentHash": "zVBqn2alHIDTOSjgWDUo31irEg59ZfM6T8e24UcUn6o/F+5Qr0jRjGPp2LzME7PHyKh+crK+boBmdCAFguwqjw=="
      },
      "Meziantou.Analyzer": {
        "type": "Direct",
        "requested": "[3.0.104, )",
        "resolved": "3.0.104",
        "contentHash": "lFbTJ7eJCUIAFlZhkF394BnBe4oIto0pCOH8cEZasPqWCMm1bevmaMsIsxO5SSezqGmzzSaeTeMKvBH1fQG5ew=="
      },
      "Microsoft.VisualStudio.Threading.Analyzers": {
        "type": "Direct",
        "requested": "[17.14.15, )",
        "resolved": "17.14.15",
        "contentHash": "mXQPJsbuUD2ydq4/ffd8h8tSOFCXec+2xJOVNCvXjuMOq/+5EKHq3D2m2MC2+nUaXeFMSt66VS/J4HdKBixgcw=="
      },
      "Thinktecture.Runtime.Extensions": {
        "type": "Direct",
        "requested": "[10.3.0, )",
        "resolved": "10.3.0",
        "contentHash": "8V1PjROSO+kyYjIfndPi4gmwL29qw3pkAm/MUdnyIi0lggwHALJ2IlzvIlVDJFOlYHyf6b4NjzrWp/h8GsLxQQ==",
        "dependencies": {
          "Thinktecture.Runtime.Extensions.Analyzers": "10.3.0",
          "Thinktecture.Runtime.Extensions.Refactorings": "10.3.0",
          "Thinktecture.Runtime.Extensions.SourceGenerator": "10.3.0"
        }
      },
      "Thinktecture.Runtime.Extensions.Analyzers": {
        "type": "Transitive",
        "resolved": "10.3.0",
        "contentHash": "z3DTkauLeUYhROp9DR7j47oy7kdA6ehq7IKpQ0RSHeHKR3/7z1xQ5Jpx+8bDBNXDaTBN4WHTsE6r1+iI1S1oYQ=="
      },
      "Thinktecture.Runtime.Extensions.Refactorings": {
        "type": "Transitive",
        "resolved": "10.3.0",
        "contentHash": "XwUUR6OvQ6oF9Maj1u6IlEE+fXJEEJJx/2ug+iP3ePj4vwRKmNfQnWrlic4i5FixYHUUePNrZf6YCiyPCf52ew=="
      },
      "Thinktecture.Runtime.Extensions.SourceGenerator": {
        "type": "Transitive",
        "resolved": "10.3.0",
        "contentHash": "CB2efEemm7FEAhHi7zoxT8ANLMhHQ5MpVmTBd4H+GRb2GyHEdN8Uhb5c1U9sv/EXylcmfeLdnDukQrjUrKrRvQ=="
      },
      "csp.contracts": {
        "type": "Project",
        "dependencies": {
          "JetBrains.Annotations": "[2025.2.4, )"
        }
      }
    },
    "net10.0/osx-arm64": {}
  }
}