{
  "version": 2,
  "dependencies": {
    "net10.0": {
      "Generator.Equals": {
        "type": "Direct",
        "requested": "[4.0.1, )",
        "resolved": "4.0.1",
        "contentHash": "LDQmP7rApxCXz0ddTvVy9AdP+SfnzqfWzxno7yQL2kSWItadY7Do82KALRJNfiNNZrWumDEuih7bbDcRbLrkGQ==",
        "dependencies": {
          "Generator.Equals.Runtime": "4.0.1"
        }
      },
      "Google.Protobuf": {
        "type": "Direct",
        "requested": "[3.35.1, )",
        "resolved": "3.35.1",
        "contentHash": "pxtkuXhR8svkvDTQrYew9GZQt6eWhblz/V/WKUFrQgkHYlQPsumJTeF6ppHRJpe6j9ffukkd5lQULiiKaek4xA=="
      },
      "Grpc.Tools": {
        "type": "Direct",
        "requested": "[2.82.0, )",
        "resolved": "2.82.0",
        "contentHash": "jqD/u8PHvZLCwSu+kxYMjq+wlMYp6qN9Gk1FAjTvS/SDYafPgRwB2wQiKD0yDwX/5BWQnUG3IIOsNPcqgCLVtg=="
      },
      "JetBrains.Annotations": {
        "type": "Direct",
        "requested": "[2026.2.0, )",
        "resolved": "2026.2.0",
        "contentHash": "drvAEaI7Xf4wU6dx4UTB9MoZWXZlraaQ0qoeThPQ411FxNhId7QdUTukIC9I8aUHP0ycAaGwZNKqSvfOZQvUlg=="
      },
      "LanguageExt.Core": {
        "type": "Direct",
        "requested": "[5.0.0-beta-77, )",
        "resolved": "5.0.0-beta-77",
        "contentHash": "zVBqn2alHIDTOSjgWDUo31irEg59ZfM6T8e24UcUn6o/F+5Qr0jRjGPp2LzME7PHyKh+crK+boBmdCAFguwqjw=="
      },
      "Meziantou.Analyzer": {
        "type": "Direct",
        "requested": "[3.0.125, )",
        "resolved": "3.0.125",
        "contentHash": "CexelZXr4mqLJGy9LGthGnAKUkz/Uh5U4Brh0FnbO+VAI7/TUoPoHKXA+8LLJ8kId7DagSWeuAP3KvCiTvPhgQ=="
      },
      "Microsoft.VisualStudio.Threading.Analyzers": {
        "type": "Direct",
        "requested": "[18.7.23, )",
        "resolved": "18.7.23",
        "contentHash": "dyj6z8m+LFjpeH69hdnciCcRCmD0YgMlvuQEywiEshjqj/blgQ+PuWX8Vd5gkWQFoBN4e+TFxx6DvGNSv/gIKg=="
      },
      "NodaTime": {
        "type": "Direct",
        "requested": "[3.3.3, )",
        "resolved": "3.3.3",
        "contentHash": "EwouHZv99j5hraq34yQqvCQGDR59dynxPHlxFm2vY/sw2N2aR8cFel29ZxPqohjBWp9Qsnld7QCY+7uZ2PESGg=="
      },
      "NodaTime.Serialization.Protobuf": {
        "type": "Direct",
        "requested": "[2.0.2, )",
        "resolved": "2.0.2",
        "contentHash": "yjwzq6ueTY0xy7IGzuMIrfNky0fGx96EdOEFEV4WaY/IkhMto4MxZWiUdPJnCQFzR/iSDhQE0rrlVKlRyEV5Sw==",
        "dependencies": {
          "Google.Api.CommonProtos": "[2.1.0, 3.0.0)",
          "NodaTime": "[3.0.0, 4.0.0)"
        }
      },
      "QuikGraph": {
        "type": "Direct",
        "requested": "[2.5.0, )",
        "resolved": "2.5.0",
        "contentHash": "sG+mrPpXwxlXknRK5VqWUGiOmDACa9X+3ftlkQIMgOZUqxVOQSe0+HIU9PTjwqazy0pqSf8MPDXYFGl0GYWcKw=="
      },
      "Riok.Mapperly": {
        "type": "Direct",
        "requested": "[4.3.1, )",
        "resolved": "4.3.1",
        "contentHash": "oSE+OVLHyiojrws0QVbQaAT2YKsYbyHqJXPdV7EhGseR/dYgeWS2x1T5qY5I4E+RJkJqMSG+FyZOq4SljWgJWQ=="
      },
      "System.IO.Hashing": {
        "type": "Direct",
        "requested": "[10.0.10, )",
        "resolved": "10.0.10",
        "contentHash": "eE839zyWZD/UBZYzP2lu9fhHX6RWe63/jz3Jxf+JumzO/db+Vc2s7CMiDwxk9ti2NTUft2tdRx31Rw2OjKbecA=="
      },
      "Thinktecture.Runtime.Extensions": {
        "type": "Direct",
        "requested": "[10.4.0, )",
        "resolved": "10.4.0",
        "contentHash": "FYD82RNsKOmn4aZobZYXBNTKMSTu9JVu50mGREM0AJp/125L2L7XXYdcIxw0kjNQ5AUTRJoROK0g0s2/kO8f4w==",
        "dependencies": {
          "Thinktecture.Runtime.Extensions.Analyzers": "10.4.0",
          "Thinktecture.Runtime.Extensions.Refactorings": "10.4.0",
          "Thinktecture.Runtime.Extensions.SourceGenerator": "10.4.0"
        }
      },
      "Thinktecture.Runtime.Extensions.Json": {
        "type": "Direct",
        "requested": "[10.4.0, )",
        "resolved": "10.4.0",
        "contentHash": "0P4ImGMK/C1B2LxVd2BHjl4DdRCCohIdQaP7tYVnYrvn07on1M6jmUMjA4VrfRaXvRUynSNWNeDolPWra+l0Ug==",
        "dependencies": {
          "Thinktecture.Runtime.Extensions": "10.4.0"
        }
      },
      "UnitsNet": {
        "type": "Direct",
        "requested": "[5.75.1, )",
        "resolved": "5.75.1",
        "contentHash": "k03hA739n11FDke7tcVHyk1YXRoWxYlkNGpNMCTX/gfwV8fbGq1oDoYHaMg0tCxhpv9l2BS6M9EsE7FcszVtSg=="
      },
      "Generator.Equals.Runtime": {
        "type": "Transitive",
        "resolved": "4.0.1",
        "contentHash": "Rowhau6JchkFbw0WHOR1UlQ0G564+pj1PEInpUm5OviWMC8ZiOfrvNTzOrZv+4G1ei+dOXVMNUDsJx/tPArzPw==",
        "dependencies": {
          "Microsoft.Bcl.HashCode": "6.0.0"
        }
      },
      "Google.Api.CommonProtos": {
        "type": "Transitive",
        "resolved": "2.1.0",
        "contentHash": "CEwg4cp80bf7q9vrvDwbwIJ3SG/p/K38dK3ZRG3r4zeFDNMF1Zt2y+iPdUJjtsNxDVQHv06nKViS7dgFT8E6zw==",
        "dependencies": {
          "Google.Protobuf": "[3.11.4, 4.0.0)"
        }
      },
      "Microsoft.Bcl.HashCode": {
        "type": "Transitive",
        "resolved": "6.0.0",
        "contentHash": "GI4jcoi6eC9ZhNOQylIBaWOQjyGaR8T6N3tC1u8p3EXfndLCVNNWa+Zp+ocjvvS3kNBN09Zma2HXL0ezO0dRfw=="
      },
      "Thinktecture.Runtime.Extensions.Analyzers": {
        "type": "Transitive",
        "resolved": "10.4.0",
        "contentHash": "QS30Y6+zrp8RBk2aVv1QB5f9POAMWNi5w8v8c4XADLZteH3zJZJDOD94HBrfKrnu+NZS0H5uFaTVGULMZQOq7w=="
      },
      "Thinktecture.Runtime.Extensions.Refactorings": {
        "type": "Transitive",
        "resolved": "10.4.0",
        "contentHash": "X4T9nHpYH6B19FxL17Ffk2MxjU1Z7kqI4+J42ylgDdnCoCBCvAjCdAtVtbLsKcABuSV/a6clhuvdDPKLDP5bfQ=="
      },
      "Thinktecture.Runtime.Extensions.SourceGenerator": {
        "type": "Transitive",
        "resolved": "10.4.0",
        "contentHash": "1jNrYo/7Syow8Vu+vY3LygJ7Erc9fagkobAdANxAkyg7G+9abnxZQ+cr4QbWPErGDe1mfCDQiO9crIjdG6DQJw=="
      },
      "csp.contracts": {
        "type": "Project",
        "dependencies": {
          "JetBrains.Annotations": "[2026.2.0, )"
        }
      },
      "rasm": {
        "type": "Project",
        "dependencies": {
          "CSparse": "[4.4.0, )",
          "CommunityToolkit.HighPerformance": "[8.4.2, )",
          "Csp.Contracts": "[1.0.0, )",
          "ExtendedNumerics.BigRational": "[3000.0.2.132, )",
          "JetBrains.Annotations": "[2026.2.0, )",
          "LanguageExt.Core": "[5.0.0-beta-77, )",
          "MIConvexHull": "[1.1.19.1019, )",
          "MathNet.Numerics": "[6.0.0-beta2, )",
          "PeterO.Numbers": "[1.8.2, )",
          "QuikGraph": "[2.5.0, )",
          "Supercluster.KDTree.Net": "[1.0.22, )",
          "System.IO.Hashing": "[10.0.10, )",
          "System.Numerics.Tensors": "[10.0.10, )",
          "TYoshimura.DoubleDouble": "[5.0.8, )",
          "Thinktecture.Runtime.Extensions": "[10.4.0, )",
          "Wacton.Unicolour": "[8.0.0, )"
        }
      },
      "CommunityToolkit.HighPerformance": {
        "type": "CentralTransitive",
        "requested": "[8.4.2, )",
        "resolved": "8.4.2",
        "contentHash": "2hmtrrU18x6NL3mbuAqwy0KpnoEEJOuK6sH5RKQfD/jHijn2pqvqBUC7WGy9dgNBL9BDA7eOC0kirsNPMp2f4Q=="
      },
      "CSparse": {
        "type": "CentralTransitive",
        "requested": "[4.4.0, )",
        "resolved": "4.4.0",
        "contentHash": "MgiHddgPDkcFr9KtYK3mJFUBEsjcCblGmEGlSvXVT1999EIOyH6XO6vVeuw9YFmYb7JyR8U+/++vZyhgVxDWbg=="
      },
      "ExtendedNumerics.BigRational": {
        "type": "CentralTransitive",
        "requested": "[3000.0.2.132, )",
        "resolved": "3000.0.2.132",
        "contentHash": "Hb5jQsseiLtRhk+O132hkq3ibO4/6v6WyPu714GwYtHje3HNWoItnaNy7DVhcA8wanhwku6sUk40R8/fBiX7tA=="
      },
      "MathNet.Numerics": {
        "type": "CentralTransitive",
        "requested": "[6.0.0-beta2, )",
        "resolved": "6.0.0-beta2",
        "contentHash": "ew55vr5MqCEokG0jRsndoRSPNxdDvSgGwhWyxEFhzc8EuGn3TNtSGKRppCcpHnwXtjFiUvFBN+BBo75yrdKOrQ=="
      },
      "MIConvexHull": {
        "type": "CentralTransitive",
        "requested": "[1.1.19.1019, )",
        "resolved": "1.1.19.1019",
        "contentHash": "Qz0BIRVyflj9jMkIKG1tpON5Xz1lFEA9XyRH0Pw5qIsCE75heHF4cHrBr8RqvQJRaaNXH+5jdWAfFP3m3OfTOA=="
      },
      "PeterO.Numbers": {
        "type": "CentralTransitive",
        "requested": "[1.8.2, )",
        "resolved": "1.8.2",
        "contentHash": "d+A5KLoWbwOTpvubPaGXLgCzANE00jXmsT+yneHwLe2OlobBBFLaIHyoDwmekuHM17z9hU++RF6mL+zZ2x69nA=="
      },
      "Supercluster.KDTree.Net": {
        "type": "CentralTransitive",
        "requested": "[1.0.22, )",
        "resolved": "1.0.22",
        "contentHash": "rjC8AszwNCbmcfRT/BRJzpMsBwhUAyuyeJo5PGkDwFQhZGsG8gharXiIZw3GO6jv0ubLddDyDtvIwn0MUmdUiw=="
      },
      "System.Numerics.Tensors": {
        "type": "CentralTransitive",
        "requested": "[10.0.10, )",
        "resolved": "10.0.10",
        "contentHash": "9Ildb4Y9maDztB0ZRGxsNShbpCQ2Tjv2dr4IjskBxpTGhH7aIz1+oC+Hl833ASs/htWwsH6myNe+sRpeyCzeMQ=="
      },
      "TYoshimura.DoubleDouble": {
        "type": "CentralTransitive",
        "requested": "[5.0.8, )",
        "resolved": "5.0.8",
        "contentHash": "uv/osrv2ZwBdgij6HvOBmojPnnuZ0nNwGPZVFOO9aKlV6/IHl3TOsP4a7XRlS8SUIPUUKqhynG5HQTeaNh8WVA=="
      },
      "Wacton.Unicolour": {
        "type": "CentralTransitive",
        "requested": "[8.0.0, )",
        "resolved": "8.0.0",
        "contentHash": "BOTEJsSzwVGM4ovknAtOwY0SlfHQ2C4rjEhVPX6JeshVYzxr3iJiDHH4e+jX0iSujgqHuByOudIrXiHMgQabWA=="
      }
    }
  }
}