{
  "version": 2,
  "dependencies": {
    "net10.0": {
      "CsCheck": {
        "type": "Direct",
        "requested": "[4.7.0, )",
        "resolved": "4.7.0",
        "contentHash": "j1ddNwZJHtuXJo0haeDtEX/j/iDJYLlZdIvaEmb7ftxTN9p4e5/jn6hYGXH/Em6RFfDRGWaNQ17LOMR3MhYWwA=="
      },
      "JetBrains.Annotations": {
        "type": "Direct",
        "requested": "[2025.2.4, )",
        "resolved": "2025.2.4",
        "contentHash": "TwbgxAkXxY+vNEhNVx/QXjJ4vqxmepOjsgRvvImQPbHkHMMb4W+ahL3laMsxXKtNT7iMy+E1B3xkqao2hf1n3A=="
      },
      "LanguageExt.Core": {
        "type": "Direct",
        "requested": "[5.0.0-beta-77, )",
        "resolved": "5.0.0-beta-77",
        "contentHash": "zVBqn2alHIDTOSjgWDUo31irEg59ZfM6T8e24UcUn6o/F+5Qr0jRjGPp2LzME7PHyKh+crK+boBmdCAFguwqjw=="
      },
      "Meziantou.Analyzer": {
        "type": "Direct",
        "requested": "[3.0.104, )",
        "resolved": "3.0.104",
        "contentHash": "lFbTJ7eJCUIAFlZhkF394BnBe4oIto0pCOH8cEZasPqWCMm1bevmaMsIsxO5SSezqGmzzSaeTeMKvBH1fQG5ew=="
      },
      "Microsoft.VisualStudio.Threading.Analyzers": {
        "type": "Direct",
        "requested": "[17.14.15, )",
        "resolved": "17.14.15",
        "contentHash": "mXQPJsbuUD2ydq4/ffd8h8tSOFCXec+2xJOVNCvXjuMOq/+5EKHq3D2m2MC2+nUaXeFMSt66VS/J4HdKBixgcw=="
      },
      "System.Drawing.Common": {
        "type": "Direct",
        "requested": "[10.0.9, )",
        "resolved": "10.0.9",
        "contentHash": "ShkEj8jOhklJgrN3SoaVbCcopvqyIgVXHso2/eibQBL7IZxzJjND77UYVlViHqpwPxyQeA67IOut4b41clBkQw==",
        "dependencies": {
          "Microsoft.Win32.SystemEvents": "10.0.9"
        }
      },
      "Thinktecture.Runtime.Extensions": {
        "type": "Direct",
        "requested": "[10.3.0, )",
        "resolved": "10.3.0",
        "contentHash": "8V1PjROSO+kyYjIfndPi4gmwL29qw3pkAm/MUdnyIi0lggwHALJ2IlzvIlVDJFOlYHyf6b4NjzrWp/h8GsLxQQ==",
        "dependencies": {
          "Thinktecture.Runtime.Extensions.Analyzers": "10.3.0",
          "Thinktecture.Runtime.Extensions.Refactorings": "10.3.0",
          "Thinktecture.Runtime.Extensions.SourceGenerator": "10.3.0"
        }
      },
      "xunit.v3.assert": {
        "type": "Direct",
        "requested": "[3.2.2, )",
        "resolved": "3.2.2",
        "contentHash": "BPciBghgEEaJN/JG00QfCYDfEfnLgQhfnYEy+j1izoeHVNYd5+3Wm8GJ6JgYysOhpBPYGE+sbf75JtrRc7jrdA=="
      },
      "xunit.v3.common": {
        "type": "Direct",
        "requested": "[3.2.2, )",
        "resolved": "3.2.2",
        "contentHash": "Hj775PEH6GTbbg0wfKRvG2hNspDCvTH9irXhH4qIWgdrOSV1sQlqPie+DOvFeigsFg2fxSM3ZAaaCDQs+KreFA==",
        "dependencies": {
          "Microsoft.Bcl.AsyncInterfaces": "6.0.0"
        }
      },
      "xunit.v3.extensibility.core": {
        "type": "Direct",
        "requested": "[3.2.2, )",
        "resolved": "3.2.2",
        "contentHash": "srY8z/oMPvh/t8axtO2DwrHajhFMH7tnqKildvYrVQIfICi8fOn3yIBWkVPAcrKmHMwvXRJ/XsQM3VMR6DOYfQ==",
        "dependencies": {
          "xunit.v3.common": "[3.2.2]"
        }
      },
      "Microsoft.Bcl.AsyncInterfaces": {
        "type": "Transitive",
        "resolved": "6.0.0",
        "contentHash": "UcSjPsst+DfAdJGVDsu346FX0ci0ah+lw3WRtn18NUwEqRt70HaOQ7lI72vy3+1LxtqI3T5GWwV39rQSrCzAeg=="
      },
      "Microsoft.Win32.SystemEvents": {
        "type": "Transitive",
        "resolved": "10.0.9",
        "contentHash": "dk5HKolAR9bBxlL4dl6Koaf0s/Q47QApog+/o341LSuvWGW6ig4q5fTsgYG0MrK//l2Slv6mygncMK/8lgXVDg=="
      },
      "Thinktecture.Runtime.Extensions.Analyzers": {
        "type": "Transitive",
        "resolved": "10.3.0",
        "contentHash": "z3DTkauLeUYhROp9DR7j47oy7kdA6ehq7IKpQ0RSHeHKR3/7z1xQ5Jpx+8bDBNXDaTBN4WHTsE6r1+iI1S1oYQ=="
      },
      "Thinktecture.Runtime.Extensions.Refactorings": {
        "type": "Transitive",
        "resolved": "10.3.0",
        "contentHash": "XwUUR6OvQ6oF9Maj1u6IlEE+fXJEEJJx/2ug+iP3ePj4vwRKmNfQnWrlic4i5FixYHUUePNrZf6YCiyPCf52ew=="
      },
      "Thinktecture.Runtime.Extensions.SourceGenerator": {
        "type": "Transitive",
        "resolved": "10.3.0",
        "contentHash": "CB2efEemm7FEAhHi7zoxT8ANLMhHQ5MpVmTBd4H+GRb2GyHEdN8Uhb5c1U9sv/EXylcmfeLdnDukQrjUrKrRvQ=="
      },
      "csp.contracts": {
        "type": "Project",
        "dependencies": {
          "JetBrains.Annotations": "[2025.2.4, )"
        }
      },
      "rasm": {
        "type": "Project",
        "dependencies": {
          "CSparse": "[4.4.0, )",
          "Csp.Contracts": "[1.0.0, )",
          "JetBrains.Annotations": "[2025.2.4, )",
          "LanguageExt.Core": "[5.0.0-beta-77, )",
          "MathNet.Numerics": "[6.0.0-beta2, )",
          "MathNet.Symbolics": "[0.25.0, )",
          "System.Numerics.Tensors": "[10.0.9, )",
          "Thinktecture.Runtime.Extensions": "[10.3.0, )"
        }
      },
      "CSparse": {
        "type": "CentralTransitive",
        "requested": "[4.4.0, )",
        "resolved": "4.4.0",
        "contentHash": "MgiHddgPDkcFr9KtYK3mJFUBEsjcCblGmEGlSvXVT1999EIOyH6XO6vVeuw9YFmYb7JyR8U+/++vZyhgVxDWbg=="
      },
      "FParsec": {
        "type": "CentralTransitive",
        "requested": "[2.0.0-beta2, )",
        "resolved": "2.0.0-beta2",
        "contentHash": "bNoeKNYoLBg1oQttwAZFnhXJKxX6vtYBApbVHJlYa6SyGcuxwewJemwmO6eh7tD49vTzhAVjZo1SDGZ0o7RxxA==",
        "dependencies": {
          "FSharp.Core": "4.3.4"
        }
      },
      "FSharp.Core": {
        "type": "CentralTransitive",
        "requested": "[10.1.301, )",
        "resolved": "10.1.301",
        "contentHash": "excLf2zM/qUB3WhRUfI0xvOOaPwcRAEdYT/BXe9eiTKySnWVuIKMQTf5+6ETy5nsb1dpLp1s2j2yAM/XcRgFMg=="
      },
      "MathNet.Numerics": {
        "type": "CentralTransitive",
        "requested": "[6.0.0-beta2, )",
        "resolved": "6.0.0-beta2",
        "contentHash": "ew55vr5MqCEokG0jRsndoRSPNxdDvSgGwhWyxEFhzc8EuGn3TNtSGKRppCcpHnwXtjFiUvFBN+BBo75yrdKOrQ=="
      },
      "MathNet.Numerics.FSharp": {
        "type": "CentralTransitive",
        "requested": "[6.0.0-beta2, )",
        "resolved": "6.0.0-beta2",
        "contentHash": "MqOJVzAjNaVuhitHE4CQa7kRK74janrjYsxjz2VSQwiyl0pIailjnQwoL/RCOUqcQVK+GEtSEKQyIbVgWhL7wg==",
        "dependencies": {
          "FSharp.Core": "8.0.100",
          "MathNet.Numerics": "6.0.0-beta2"
        }
      },
      "MathNet.Symbolics": {
        "type": "CentralTransitive",
        "requested": "[0.25.0, )",
        "resolved": "0.25.0",
        "contentHash": "sbeoi0wLoTY46GuOtZRSc03GhMFj/7fkgYvN0j2dDcFJVjAzGMnVWAByQOG5bgCESmd1u/c09Sbpm/N+QhL+gQ==",
        "dependencies": {
          "FParsec": "2.0.0-beta2",
          "FSharp.Core": "8.0.100",
          "MathNet.Numerics": "6.0.0-beta1",
          "MathNet.Numerics.FSharp": "6.0.0-beta1"
        }
      },
      "System.Numerics.Tensors": {
        "type": "CentralTransitive",
        "requested": "[10.0.9, )",
        "resolved": "10.0.9",
        "contentHash": "Rb71S3gggYVwEce9ugNw91vbr4vC4gThtx/imSJtLBW3AupEKujJPPQL6xF9q0DcNm6+z7hnYk7XqXaUpA4wDg=="
      }
    },
    "net10.0/osx-arm64": {
      "Microsoft.Win32.SystemEvents": {
        "type": "Transitive",
        "resolved": "10.0.9",
        "contentHash": "dk5HKolAR9bBxlL4dl6Koaf0s/Q47QApog+/o341LSuvWGW6ig4q5fTsgYG0MrK//l2Slv6mygncMK/8lgXVDg=="
      }
    }
  }
}