// !$*UTF8*$!
{
	archiveVersion = 1;
	classes = {
	};
	objectVersion = 110;
	objects = {

/* Begin PBXFileReference section */
		4A817EDECF31418AABA61701 /* Relay.app */ = {isa = PBXFileReference; explicitFileType = wrapper.application; includeInIndex = 0; path = Relay.app; sourceTree = BUILT_PRODUCTS_DIR; };
/* End PBXFileReference section */

/* Begin PBXFileSystemSynchronizedBuildFileExceptionSet section */
		4A817EDECF31418AABA61703 /* Exceptions for "Relay" folder in "Relay" target */ = {
			isa = PBXFileSystemSynchronizedBuildFileExceptionSet;
			membershipExceptions = (
				CLAUDE.md,
				LICENSE,
				Relay.xcodeproj,
			);
			target = 4A817EDECF31418AABA61709 /* Relay */;
		};
/* End PBXFileSystemSynchronizedBuildFileExceptionSet section */

/* Begin PBXFileSystemSynchronizedRootGroup section */
		4A817EDECF31418AABA61704 /* Relay */ = {
			isa = PBXFileSystemSynchronizedRootGroup;
			exceptions = (
				4A817EDECF31418AABA61703 /* Exceptions for "Relay" folder in "Relay" target */,
			);
			name = Relay;
			path = .;
			sourceTree = "<group>";
		};
/* End PBXFileSystemSynchronizedRootGroup section */

/* Begin PBXFrameworksBuildPhase section */
		4A817EDECF31418AABA61705 /* Frameworks */ = {
			isa = PBXFrameworksBuildPhase;
			files = (
			);
		};
/* End PBXFrameworksBuildPhase section */

/* Begin PBXGroup section */
		4A817EDECF31418AABA61706 = {
			isa = PBXGroup;
			children = (
				4A817EDECF31418AABA61704 /* Relay */,
				4A817EDECF31418AABA61707 /* Products */,
			);
			sourceTree = "<group>";
		};
		4A817EDECF31418AABA61707 /* Products */ = {
			isa = PBXGroup;
			children = (
				4A817EDECF31418AABA61701 /* Relay.app */,
			);
			name = Products;
			sourceTree = "<group>";
		};
/* End PBXGroup section */

/* Begin PBXNativeTarget section */
		4A817EDECF31418AABA61709 /* Relay */ = {
			isa = PBXNativeTarget;
			buildConfigurationList = 4A817EDECF31418AABA61712 /* Build configuration list for PBXNativeTarget "Relay" */;
			buildPhases = (
				4A817EDECF31418AABA6170B /* Sources */,
				4A817EDECF31418AABA61705 /* Frameworks */,
				4A817EDECF31418AABA6170A /* Resources */,
			);
			buildRules = (
			);
			fileSystemSynchronizedGroups = (
				4A817EDECF31418AABA61704 /* Relay */,
			);
			name = Relay;
			productName = Relay;
			productReference = 4A817EDECF31418AABA61701 /* Relay.app */;
			productType = "com.apple.product-type.application";
		};
/* End PBXNativeTarget section */

/* Begin PBXProject section */
		4A817EDECF31418AABA61708 /* Project object */ = {
			isa = PBXProject;
			attributes = {
				BuildIndependentTargetsInParallel = 1;
				LastSwiftUpdateCheck = 2700;
				LastUpgradeCheck = 2700;
			};
			buildConfigurationList = 4A817EDECF31418AABA61711 /* Build configuration list for PBXProject "Relay" */;
			developmentRegion = en;
			hasScannedForEncodings = 0;
			knownRegions = (
				en,
				Base,
			);
			mainGroup = 4A817EDECF31418AABA61706;
			minimizedProjectReferenceProxies = 1;
			preferredProjectObjectVersion = 110;
			productRefGroup = 4A817EDECF31418AABA61707 /* Products */;
			projectDirPath = "";
			projectRoot = "";
			targets = (
				4A817EDECF31418AABA61709 /* Relay */,
			);
		};
/* End PBXProject section */

/* Begin PBXResourcesBuildPhase section */
		4A817EDECF31418AABA6170A /* Resources */ = {
			isa = PBXResourcesBuildPhase;
			files = (
			);
		};
/* End PBXResourcesBuildPhase section */

/* Begin PBXSourcesBuildPhase section */
		4A817EDECF31418AABA6170B /* Sources */ = {
			isa = PBXSourcesBuildPhase;
			files = (
			);
		};
/* End PBXSourcesBuildPhase section */

/* Begin XCBuildConfiguration section */
		4A817EDECF31418AABA6170C /* Debug configuration for PBXProject "Relay" */ = {
			isa = XCBuildConfiguration;
			buildSettings = {
				ALWAYS_SEARCH_USER_PATHS = NO;
				ASSETCATALOG_COMPILER_GENERATE_SWIFT_ASSET_SYMBOL_EXTENSIONS = YES;
				DEAD_CODE_STRIPPING = YES;
				ENABLE_USER_SCRIPT_SANDBOXING = YES;
				MACOSX_DEPLOYMENT_TARGET = 26.0;
				ONLY_ACTIVE_ARCH = YES;
				SDKROOT = macosx;
				SWIFT_ACTIVE_COMPILATION_CONDITIONS = "DEBUG $(inherited)";
				SWIFT_OPTIMIZATION_LEVEL = "-Onone";
			};
			name = Debug;
		};
		4A817EDECF31418AABA6170D /* Release configuration for PBXProject "Relay" */ = {
			isa = XCBuildConfiguration;
			buildSettings = {
				ALWAYS_SEARCH_USER_PATHS = NO;
				ASSETCATALOG_COMPILER_GENERATE_SWIFT_ASSET_SYMBOL_EXTENSIONS = YES;
				DEAD_CODE_STRIPPING = YES;
				DEBUG_INFORMATION_FORMAT = "dwarf-with-dsym";
				ENABLE_USER_SCRIPT_SANDBOXING = YES;
				MACOSX_DEPLOYMENT_TARGET = 26.0;
				SDKROOT = macosx;
				SWIFT_COMPILATION_MODE = wholemodule;
			};
			name = Release;
		};
		4A817EDECF31418AABA6170E /* Debug configuration for PBXNativeTarget "Relay" */ = {
			isa = XCBuildConfiguration;
			buildSettings = {
				ASSETCATALOG_COMPILER_APPICON_NAME = AppIcon;
				CODE_SIGN_IDENTITY = "Apple Development";
				CODE_SIGN_STYLE = Automatic;
				CURRENT_PROJECT_VERSION = 1;
				DEVELOPMENT_TEAM = BBXB9R367P;
				GENERATE_INFOPLIST_FILE = YES;
				INFOPLIST_KEY_LSUIElement = YES;
				MARKETING_VERSION = 1.0;
				PRODUCT_BUNDLE_IDENTIFIER = app.rasm.relay;
				PRODUCT_NAME = "$(TARGET_NAME)";
				SWIFT_APPROACHABLE_CONCURRENCY = YES;
				SWIFT_DEFAULT_ACTOR_ISOLATION = MainActor;
				SWIFT_TREAT_WARNINGS_AS_ERRORS = YES;
				SWIFT_UPCOMING_FEATURE_MEMBER_IMPORT_VISIBILITY = YES;
				SWIFT_VERSION = 6.0;
			};
			name = Debug;
		};
		4A817EDECF31418AABA6170F /* Release configuration for PBXNativeTarget "Relay" */ = {
			isa = XCBuildConfiguration;
			buildSettings = {
				ASSETCATALOG_COMPILER_APPICON_NAME = AppIcon;
				CODE_SIGN_IDENTITY = "Apple Development";
				CODE_SIGN_STYLE = Automatic;
				CURRENT_PROJECT_VERSION = 1;
				DEVELOPMENT_TEAM = BBXB9R367P;
				GENERATE_INFOPLIST_FILE = YES;
				INFOPLIST_KEY_LSUIElement = YES;
				MARKETING_VERSION = 1.0;
				PRODUCT_BUNDLE_IDENTIFIER = app.rasm.relay;
				PRODUCT_NAME = "$(TARGET_NAME)";
				SWIFT_APPROACHABLE_CONCURRENCY = YES;
				SWIFT_DEFAULT_ACTOR_ISOLATION = MainActor;
				SWIFT_TREAT_WARNINGS_AS_ERRORS = YES;
				SWIFT_UPCOMING_FEATURE_MEMBER_IMPORT_VISIBILITY = YES;
				SWIFT_VERSION = 6.0;
			};
			name = Release;
		};
/* End XCBuildConfiguration section */

/* Begin XCConfigurationList section */
		4A817EDECF31418AABA61711 /* Build configuration list for PBXProject "Relay" */ = {
			isa = XCConfigurationList;
			buildConfigurations = (
				4A817EDECF31418AABA6170C /* Debug configuration for PBXProject "Relay" */,
				4A817EDECF31418AABA6170D /* Release configuration for PBXProject "Relay" */,
			);
			defaultConfigurationName = Release;
		};
		4A817EDECF31418AABA61712 /* Build configuration list for PBXNativeTarget "Relay" */ = {
			isa = XCConfigurationList;
			buildConfigurations = (
				4A817EDECF31418AABA6170E /* Debug configuration for PBXNativeTarget "Relay" */,
				4A817EDECF31418AABA6170F /* Release configuration for PBXNativeTarget "Relay" */,
			);
			defaultConfigurationName = Release;
		};
/* End XCConfigurationList section */
	};
	rootObject = 4A817EDECF31418AABA61708 /* Project object */;
}
