{
  "version": 2,
  "dependencies": {
    "net10.0": {
      "coverlet.MTP": {
        "type": "Direct",
        "requested": "[10.0.1, )",
        "resolved": "10.0.1",
        "contentHash": "VR4/Y0Arr8cdIKhYE5dZCI2XU1ShCHZEAgm+LjokTThl1vzy9scqq8NDLETok5AchMTtsUQqcAU81N1cgHUclg==",
        "dependencies": {
          "Microsoft.Extensions.Configuration": "10.0.8",
          "Microsoft.Extensions.Configuration.Json": "10.0.8",
          "Microsoft.Extensions.DependencyInjection": "10.0.8",
          "Microsoft.Testing.Platform": "2.2.2"
        }
      },
      "CsCheck": {
        "type": "Direct",
        "requested": "[4.7.0, )",
        "resolved": "4.7.0",
        "contentHash": "j1ddNwZJHtuXJo0haeDtEX/j/iDJYLlZdIvaEmb7ftxTN9p4e5/jn6hYGXH/Em6RFfDRGWaNQ17LOMR3MhYWwA=="
      },
      "JetBrains.Annotations": {
        "type": "Direct",
        "requested": "[2026.2.0, )",
        "resolved": "2026.2.0",
        "contentHash": "drvAEaI7Xf4wU6dx4UTB9MoZWXZlraaQ0qoeThPQ411FxNhId7QdUTukIC9I8aUHP0ycAaGwZNKqSvfOZQvUlg=="
      },
      "LanguageExt.Core": {
        "type": "Direct",
        "requested": "[5.0.0-beta-77, )",
        "resolved": "5.0.0-beta-77",
        "contentHash": "zVBqn2alHIDTOSjgWDUo31irEg59ZfM6T8e24UcUn6o/F+5Qr0jRjGPp2LzME7PHyKh+crK+boBmdCAFguwqjw=="
      },
      "Meziantou.Analyzer": {
        "type": "Direct",
        "requested": "[3.0.121, )",
        "resolved": "3.0.121",
        "contentHash": "PKNTmwMdzM0YJ7tAvwzWmlgWhtm8ZOma2eNUqchkbmvWwqC8QXoOzNPKwNHZBtPJpehYb7qu9q/182qg4Fmclw=="
      },
      "Microsoft.Extensions.TimeProvider.Testing": {
        "type": "Direct",
        "requested": "[10.8.0, )",
        "resolved": "10.8.0",
        "contentHash": "xXcxGfXSO/8o7IfYK36r3eZTl9RMKAl5K6x3x6o/QQBolI0t8vsLIGmhc3HJBTd11u1uPLHz61VnOTSTmY7ZVA=="
      },
      "Microsoft.Testing.Extensions.CrashDump": {
        "type": "Direct",
        "requested": "[2.2.3, )",
        "resolved": "2.2.3",
        "contentHash": "wop2zrjwNhHLZfo0UJbTOBe5h9kwQsi2O5+ZPRi41KkFzM5obxWYLIpQYw6p/iBv81/9rT7Jn/IeInMFtkYShg==",
        "dependencies": {
          "Microsoft.Testing.Extensions.TrxReport.Abstractions": "2.2.3",
          "Microsoft.Testing.Platform": "2.2.3"
        }
      },
      "Microsoft.Testing.Extensions.HangDump": {
        "type": "Direct",
        "requested": "[2.2.3, )",
        "resolved": "2.2.3",
        "contentHash": "VR3pTDWbBPZ15pZeXzlQzcsGiQ22sd7+M3OJzaOgLLKojMySnS45F5PPSJ4RHxfge2h52yN9m2hNn5U8YiGm2w==",
        "dependencies": {
          "Microsoft.Diagnostics.NETCore.Client": "0.2.607501",
          "Microsoft.Testing.Platform": "2.2.3"
        }
      },
      "Microsoft.Testing.Extensions.Retry": {
        "type": "Direct",
        "requested": "[2.2.3, )",
        "resolved": "2.2.3",
        "contentHash": "YYhoLdZOksV5S+poW4b5Kx9hCcO41YpBcExPgpHlKLf7B+LFyjWryF9zPmKCWV/W7LBpo+HgDZXa5o2WVi5/Eg==",
        "dependencies": {
          "Microsoft.Testing.Platform": "2.2.3"
        }
      },
      "Microsoft.Testing.Extensions.TrxReport": {
        "type": "Direct",
        "requested": "[2.2.3, )",
        "resolved": "2.2.3",
        "contentHash": "9Hot3ty5ZVWHrW40k2NPfD0dCaPwIxj7j7VjujNYwpYkYw9AdbejPHjGNkL/gvUWorauJf5IkeDoUeIbS7LuUg==",
        "dependencies": {
          "Microsoft.Testing.Extensions.TrxReport.Abstractions": "2.2.3",
          "Microsoft.Testing.Platform": "2.2.3"
        }
      },
      "Microsoft.VisualStudio.Threading.Analyzers": {
        "type": "Direct",
        "requested": "[18.7.23, )",
        "resolved": "18.7.23",
        "contentHash": "dyj6z8m+LFjpeH69hdnciCcRCmD0YgMlvuQEywiEshjqj/blgQ+PuWX8Vd5gkWQFoBN4e+TFxx6DvGNSv/gIKg=="
      },
      "Thinktecture.Runtime.Extensions": {
        "type": "Direct",
        "requested": "[10.4.0, )",
        "resolved": "10.4.0",
        "contentHash": "FYD82RNsKOmn4aZobZYXBNTKMSTu9JVu50mGREM0AJp/125L2L7XXYdcIxw0kjNQ5AUTRJoROK0g0s2/kO8f4w==",
        "dependencies": {
          "Thinktecture.Runtime.Extensions.Analyzers": "10.4.0",
          "Thinktecture.Runtime.Extensions.Refactorings": "10.4.0",
          "Thinktecture.Runtime.Extensions.SourceGenerator": "10.4.0"
        }
      },
      "xunit.v3.mtp-v2": {
        "type": "Direct",
        "requested": "[3.2.2, )",
        "resolved": "3.2.2",
        "contentHash": "S0LJpeMIMrmbVLXDCvPVX47OLk28qBYfGU+5SNCbarOEdw8oKLfiVqaACwuYRvLiOqDEB/+VJ8gTSB1ZwheoOQ==",
        "dependencies": {
          "xunit.analyzers": "1.27.0",
          "xunit.v3.assert": "[3.2.2]",
          "xunit.v3.core.mtp-v2": "[3.2.2]"
        }
      },
      "MessagePack.Annotations": {
        "type": "Transitive",
        "resolved": "3.1.7",
        "contentHash": "IW1yX9viarFl/Dsio5G+pM90JkOSW4xhAiJcKxPPF5rzyp2/yCpieWju8G99QLEmaQeze2uQMEskUBA59YZmkw=="
      },
      "Microsoft.ApplicationInsights": {
        "type": "Transitive",
        "resolved": "2.23.0",
        "contentHash": "nWArUZTdU7iqZLycLKWe0TDms48KKGE6pONH2terYNa8REXiqixrMOkf1sk5DHGMaUTqONU2YkS4SAXBhLStgw=="
      },
      "Microsoft.Bcl.AsyncInterfaces": {
        "type": "Transitive",
        "resolved": "6.0.0",
        "contentHash": "UcSjPsst+DfAdJGVDsu346FX0ci0ah+lw3WRtn18NUwEqRt70HaOQ7lI72vy3+1LxtqI3T5GWwV39rQSrCzAeg=="
      },
      "Microsoft.Extensions.Configuration.Abstractions": {
        "type": "Transitive",
        "resolved": "10.0.10",
        "contentHash": "5Vnd2I75DmZCVEjSynIdJ/0EGafgnLQwgR3t2C2/fkjx/nRG+cLwxLLdInoHeCEpkD5K4Ov/g9ZCRYrl4TRsaA==",
        "dependencies": {
          "Microsoft.Extensions.Primitives": "10.0.10"
        }
      },
      "Microsoft.Extensions.Configuration.FileExtensions": {
        "type": "Transitive",
        "resolved": "10.0.10",
        "contentHash": "ZOhZYwvbXGTgGVRwswIirofEMVHuWdxjdh0JeUZXwaF9cgcjXdz/t0ELtgaevw7ezTyv47yPNCgGreWtLkn3IQ==",
        "dependencies": {
          "Microsoft.Extensions.Configuration": "10.0.10",
          "Microsoft.Extensions.Configuration.Abstractions": "10.0.10",
          "Microsoft.Extensions.FileProviders.Abstractions": "10.0.10",
          "Microsoft.Extensions.FileProviders.Physical": "10.0.10",
          "Microsoft.Extensions.Primitives": "10.0.10"
        }
      },
      "Microsoft.Extensions.FileProviders.Abstractions": {
        "type": "Transitive",
        "resolved": "10.0.10",
        "contentHash": "c5zqFCY9DiIpMovLd7/d/CTiEtrMOuQ639dhv3PABtKQIKNQikSHwQt8+N679uii9q+B55lgK28Uv64FOwEu8w==",
        "dependencies": {
          "Microsoft.Extensions.Primitives": "10.0.10"
        }
      },
      "Microsoft.Extensions.FileProviders.Physical": {
        "type": "Transitive",
        "resolved": "10.0.10",
        "contentHash": "jhJAyo38kSrH3ARvWUk0h8itogVnQu2DCZuPo+s0Z+tXes0ugTxMPaHYzap85785eHQmPFqD9TYERqBbtGxn/w==",
        "dependencies": {
          "Microsoft.Extensions.FileProviders.Abstractions": "10.0.10",
          "Microsoft.Extensions.FileSystemGlobbing": "10.0.10",
          "Microsoft.Extensions.Primitives": "10.0.10"
        }
      },
      "Microsoft.Extensions.FileSystemGlobbing": {
        "type": "Transitive",
        "resolved": "10.0.10",
        "contentHash": "jSOCVxEwCd4Aq925kJVz1kSO1EpX2OHYKL04qVREXkDU7Ce3pVDdHPYm+fEy8y/th2kJf/DAstRHpJAqoNWP8w=="
      },
      "Microsoft.Testing.Extensions.TrxReport.Abstractions": {
        "type": "Transitive",
        "resolved": "2.2.3",
        "contentHash": "hntvxJEkmUAx6C2xXc/PO38DqEQl4rimzOgSvTR1hAMruMid7R4RcXOrzzF33J66gKaN7jRaQ0TMW/nNfaV9jw==",
        "dependencies": {
          "Microsoft.Testing.Platform": "2.2.3"
        }
      },
      "Microsoft.Win32.Registry": {
        "type": "Transitive",
        "resolved": "5.0.0",
        "contentHash": "dDoKi0PnDz31yAyETfRntsLArTlVAVzUzCIvvEDsDsucrl33Dl8pIJG06ePTJTI3tGpeyHS9Cq7Foc/s4EeKcg=="
      },
      "Thinktecture.Runtime.Extensions.Analyzers": {
        "type": "Transitive",
        "resolved": "10.4.0",
        "contentHash": "QS30Y6+zrp8RBk2aVv1QB5f9POAMWNi5w8v8c4XADLZteH3zJZJDOD94HBrfKrnu+NZS0H5uFaTVGULMZQOq7w=="
      },
      "Thinktecture.Runtime.Extensions.Refactorings": {
        "type": "Transitive",
        "resolved": "10.4.0",
        "contentHash": "X4T9nHpYH6B19FxL17Ffk2MxjU1Z7kqI4+J42ylgDdnCoCBCvAjCdAtVtbLsKcABuSV/a6clhuvdDPKLDP5bfQ=="
      },
      "Thinktecture.Runtime.Extensions.SourceGenerator": {
        "type": "Transitive",
        "resolved": "10.4.0",
        "contentHash": "1jNrYo/7Syow8Vu+vY3LygJ7Erc9fagkobAdANxAkyg7G+9abnxZQ+cr4QbWPErGDe1mfCDQiO9crIjdG6DQJw=="
      },
      "xunit.analyzers": {
        "type": "Transitive",
        "resolved": "1.27.0",
        "contentHash": "y/pxIQaLvk/kxAoDkZW9GnHLCEqzwl5TW0vtX3pweyQpjizB9y3DXhb9pkw2dGeUqhLjsxvvJM1k89JowU6z3g=="
      },
      "xunit.v3.core.mtp-v2": {
        "type": "Transitive",
        "resolved": "3.2.2",
        "contentHash": "zW82tdCm+T1uUD1JKE+SmhgMq8nCAvcFPRLIVEiRgaxBSjcyJEKopLU3bHGOa416q+N3Dz7m1zLoPR5VJ5OQ+Q==",
        "dependencies": {
          "Microsoft.Testing.Extensions.Telemetry": "2.0.2",
          "Microsoft.Testing.Extensions.TrxReport.Abstractions": "2.0.2",
          "Microsoft.Testing.Platform": "2.0.2",
          "Microsoft.Testing.Platform.MSBuild": "2.0.2",
          "xunit.v3.extensibility.core": "[3.2.2]",
          "xunit.v3.runner.inproc.console": "[3.2.2]"
        }
      },
      "xunit.v3.runner.common": {
        "type": "Transitive",
        "resolved": "3.2.2",
        "contentHash": "/hkHkQCzGrugelOAehprm7RIWdsUFVmIVaD6jDH/8DNGCymTlKKPTbGokD5czbAfqfex47mBP0sb0zbHYwrO/g==",
        "dependencies": {
          "Microsoft.Win32.Registry": "[5.0.0]",
          "xunit.v3.common": "[3.2.2]"
        }
      },
      "xunit.v3.runner.inproc.console": {
        "type": "Transitive",
        "resolved": "3.2.2",
        "contentHash": "ulWOdSvCk+bPXijJZ73bth9NyoOHsAs1ZOvamYbCkD4DNLX/Bd29Ve2ZNUwBbK0MqfIYWXHZViy/HKrdEC/izw==",
        "dependencies": {
          "xunit.v3.extensibility.core": "[3.2.2]",
          "xunit.v3.runner.common": "[3.2.2]"
        }
      },
      "csp.contracts": {
        "type": "Project",
        "dependencies": {
          "JetBrains.Annotations": "[2026.2.0, )"
        }
      },
      "Rasm.Bridge.Contract": {
        "type": "Project",
        "dependencies": {
          "Csp.Contracts": "[1.0.0, )",
          "JetBrains.Annotations": "[2026.2.0, )",
          "StreamJsonRpc": "[2.25.29, )",
          "Thinktecture.Runtime.Extensions": "[10.4.0, )",
          "Thinktecture.Runtime.Extensions.Json": "[10.4.0, )"
        }
      },
      "Rasm.Bridge.Supervisor": {
        "type": "Project",
        "dependencies": {
          "Csp.Contracts": "[1.0.0, )",
          "JetBrains.Annotations": "[2026.2.0, )",
          "LanguageExt.Core": "[5.0.0-beta-77, )",
          "Rasm.Bridge.Contract": "[1.0.0, )",
          "StreamJsonRpc": "[2.25.29, )",
          "System.IO.Hashing": "[10.0.10, )",
          "Thinktecture.Runtime.Extensions": "[10.4.0, )"
        }
      },
      "rasm.testkit": {
        "type": "Project",
        "dependencies": {
          "Csp.Contracts": "[1.0.0, )",
          "JetBrains.Annotations": "[2026.2.0, )",
          "LanguageExt.Core": "[5.0.0-beta-77, )",
          "System.IO.Hashing": "[10.0.10, )",
          "Thinktecture.Runtime.Extensions": "[10.4.0, )"
        }
      },
      "MessagePack": {
        "type": "CentralTransitive",
        "requested": "[3.1.7, )",
        "resolved": "3.1.7",
        "contentHash": "gXpifaxbhfBqh8bVToQn9j+OgCnhXWMbRCV7RQIbCVa9CNJG1fY6oHAYYl+ER3Tb9uUIHiQ5QbGiGwwFhoagbA==",
        "dependencies": {
          "MessagePack.Annotations": "3.1.7",
          "MessagePackAnalyzer": "3.1.7",
          "Microsoft.NET.StringTools": "17.11.4"
        }
      },
      "MessagePackAnalyzer": {
        "type": "CentralTransitive",
        "requested": "[3.1.7, )",
        "resolved": "3.1.7",
        "contentHash": "ZF+OOJTRS7Ogzb4gG36hPKVQk3kEbp6kkUcdRjhddDq/uSGcV4BKIdYiyJipExXyE/zsqYb0ic215O9kI+fjPA=="
      },
      "Microsoft.Diagnostics.NETCore.Client": {
        "type": "CentralTransitive",
        "requested": "[0.2.661903, )",
        "resolved": "0.2.661903",
        "contentHash": "3ISv5jXar4dHBt/7Rz3YdnR3VpnC94BhSdSvuq8ZuKgCOcVuTdmgRnq0hUzJyL/z8Ge4VekFjhui2aufUXPdvg==",
        "dependencies": {
          "Microsoft.Extensions.Logging.Abstractions": "8.0.3"
        }
      },
      "Microsoft.Extensions.Configuration": {
        "type": "CentralTransitive",
        "requested": "[10.0.10, )",
        "resolved": "10.0.10",
        "contentHash": "plJWK2zpWuuyxI8F8s2scx6Je7N1Ajjs6HvYUGKwRnDMWIVIz9FHwAkiT7ASgrvAOd10T0FPVlh9BzAJJME+jg==",
        "dependencies": {
          "Microsoft.Extensions.Configuration.Abstractions": "10.0.10",
          "Microsoft.Extensions.Primitives": "10.0.10"
        }
      },
      "Microsoft.Extensions.Configuration.Json": {
        "type": "CentralTransitive",
        "requested": "[10.0.10, )",
        "resolved": "10.0.10",
        "contentHash": "uvJ6sHwjgrkMEJOgiC76G0mcZGXerwyyWkwX34EOjCbxKG6TCtfAoqDKAMsCvEBf9HxjlGQEgqsSMOGCmGBf+A==",
        "dependencies": {
          "Microsoft.Extensions.Configuration": "10.0.10",
          "Microsoft.Extensions.Configuration.Abstractions": "10.0.10",
          "Microsoft.Extensions.Configuration.FileExtensions": "10.0.10",
          "Microsoft.Extensions.FileProviders.Abstractions": "10.0.10"
        }
      },
      "Microsoft.Extensions.DependencyInjection": {
        "type": "CentralTransitive",
        "requested": "[10.0.10, )",
        "resolved": "10.0.10",
        "contentHash": "ANyvsgkNBRvcJh2XLgn8veGmajf+8m0AbKK+HPWdRL1yraSNVVSmQhFntLtdz/C795jxqqup+k05cs/3jZQPOA==",
        "dependencies": {
          "Microsoft.Extensions.DependencyInjection.Abstractions": "10.0.10"
        }
      },
      "Microsoft.Extensions.DependencyInjection.Abstractions": {
        "type": "CentralTransitive",
        "requested": "[10.0.10, )",
        "resolved": "10.0.10",
        "contentHash": "z/2xXlFw2aLGjHyEm6E0tQ+In6VfzQzTrtArbQ2c0TQE16ZbyDCMGPvaUT9I0s8rgy9sRWlU2P9waW37qV04qA=="
      },
      "Microsoft.Extensions.Logging.Abstractions": {
        "type": "CentralTransitive",
        "requested": "[10.0.10, )",
        "resolved": "10.0.10",
        "contentHash": "zkFxGYUvdxAvIKTyXHrmW+Sux53D4SezD9dMyZ6hrwwzPQJNuwCRy1f5W7AvYTqacEGhWF2XderRQG1OvbV8og==",
        "dependencies": {
          "Microsoft.Extensions.DependencyInjection.Abstractions": "10.0.10"
        }
      },
      "Microsoft.Extensions.Primitives": {
        "type": "CentralTransitive",
        "requested": "[10.0.10, )",
        "resolved": "10.0.10",
        "contentHash": "5wu/GrYVd8mG2DVUw3vFJzF+O336TyTGg/Kmcgw9bfwYhCoFiV5lR5QeEmKecJyrW4W54nMfD3p3589E8a7czQ=="
      },
      "Microsoft.NET.StringTools": {
        "type": "CentralTransitive",
        "requested": "[18.7.1, )",
        "resolved": "18.7.1",
        "contentHash": "OhuO9c4ZqYBaqB7INwOpDLa7wX0VkR2T3MhjUSsPebLvZi0/Z7QzeeD5uiINd9L9Wev+EwvNUiF3N2hWVtdFPQ=="
      },
      "Microsoft.Testing.Extensions.Telemetry": {
        "type": "CentralTransitive",
        "requested": "[2.2.3, )",
        "resolved": "2.2.3",
        "contentHash": "mLdW+JOR3kXYGTdgR/qc/UZBA0r+eCR2k6bUxTcuDj5w9WdIQ7Lol5MBUU7YOSGd9bs9bvhSYWAptgz0YtQqCA==",
        "dependencies": {
          "Microsoft.ApplicationInsights": "2.23.0",
          "Microsoft.Testing.Platform": "2.2.3"
        }
      },
      "Microsoft.Testing.Platform": {
        "type": "CentralTransitive",
        "requested": "[2.2.3, )",
        "resolved": "2.2.3",
        "contentHash": "LhM1/Qoi8Ams5QcD4r3f09CSOono9iQr3NEJQItFtyzWB55nWTgEOsVqXqMWWWIwk3nkPqc+XfnlJmp8xUI5fg=="
      },
      "Microsoft.Testing.Platform.MSBuild": {
        "type": "CentralTransitive",
        "requested": "[2.2.3, )",
        "resolved": "2.2.3",
        "contentHash": "Q22jJYJLx4srTinsAuoCskqmzjrBJC8YeGJMHHIcrf1dQeHoEZ7wsqDzTlENkMoke2qfufF7U+9u58nlZunH/Q==",
        "dependencies": {
          "Microsoft.Testing.Platform": "2.2.3"
        }
      },
      "Microsoft.VisualStudio.Threading.Only": {
        "type": "CentralTransitive",
        "requested": "[18.7.23, )",
        "resolved": "18.7.23",
        "contentHash": "iOaVAQLPt1KxFyYqZqKxqNu8BgQUiPLNeT8XhX+549eWaGw49e1MxjlkjTIBwvlfrU4lPp+Nm99oRpmsgN7RJw==",
        "dependencies": {
          "Microsoft.VisualStudio.Validation": "17.13.22"
        }
      },
      "Microsoft.VisualStudio.Validation": {
        "type": "CentralTransitive",
        "requested": "[17.13.22, )",
        "resolved": "17.13.22",
        "contentHash": "fC20ITOxlUpGQ0ltAxITQbeFxwuB6OjLT3lByC4+/Gm46o/Mwv9hlIVrBhiUhnqdQzUUvr4EHkdiYe7WOSMLmw=="
      },
      "Nerdbank.MessagePack": {
        "type": "CentralTransitive",
        "requested": "[1.2.30, )",
        "resolved": "1.2.30",
        "contentHash": "tvHbuhME0PB5Q/A/J5/boPUPoW35RIiCWTLBom6x/wHRBLgAxG03xWEtxBCYBw6xfYfWM/YXF5jF6FuqR5/uIQ==",
        "dependencies": {
          "Microsoft.VisualStudio.Validation": "17.13.22",
          "PolyType": "1.3.1"
        }
      },
      "Nerdbank.Streams": {
        "type": "CentralTransitive",
        "requested": "[2.13.16, )",
        "resolved": "2.13.16",
        "contentHash": "GjifQ5M4IpQWjGNNbIrsj8M/M7ESb2328OeoGeqxk5rOJiuaAJ5zFc6CyqB+5UWKr1KEGK23hKoxA+z1gooAKA==",
        "dependencies": {
          "Microsoft.VisualStudio.Threading.Only": "17.13.61",
          "Microsoft.VisualStudio.Validation": "17.8.8"
        }
      },
      "Newtonsoft.Json": {
        "type": "CentralTransitive",
        "requested": "[13.0.4, )",
        "resolved": "13.0.4",
        "contentHash": "pdgNNMai3zv51W5aq268sujXUyx7SNdE2bj1wZcWjAQrKMFZV260lbqYop1d2GM67JI1huLRwxo9ZqnfF/lC6A=="
      },
      "PolyType": {
        "type": "CentralTransitive",
        "requested": "[1.3.1, )",
        "resolved": "1.3.1",
        "contentHash": "GFdJvsN/VczpP0GfdPIi0jDudGH2Emk3rcIJHdqwU2SL2zQm1xSl6OTYvQSUxvzHu3ClWo096ICdWXVkpifQUA=="
      },
      "StreamJsonRpc": {
        "type": "CentralTransitive",
        "requested": "[2.25.29, )",
        "resolved": "2.25.29",
        "contentHash": "ebP0ScWRtbd1EWayLRJ6bjM7aPwYZoJIIU1DApmn/cYl2dydR9f4p6Mj3eY77qzAywy6IbZWB9sJPSWeO5hmrg==",
        "dependencies": {
          "MessagePack": "2.5.302",
          "Microsoft.VisualStudio.Threading.Only": "17.14.15",
          "Microsoft.VisualStudio.Validation": "17.13.22",
          "Nerdbank.MessagePack": "1.2.4",
          "Nerdbank.Streams": "2.13.16",
          "Newtonsoft.Json": "13.0.3"
        }
      },
      "System.IO.Hashing": {
        "type": "CentralTransitive",
        "requested": "[10.0.10, )",
        "resolved": "10.0.10",
        "contentHash": "eE839zyWZD/UBZYzP2lu9fhHX6RWe63/jz3Jxf+JumzO/db+Vc2s7CMiDwxk9ti2NTUft2tdRx31Rw2OjKbecA=="
      },
      "Thinktecture.Runtime.Extensions.Json": {
        "type": "CentralTransitive",
        "requested": "[10.4.0, )",
        "resolved": "10.4.0",
        "contentHash": "0P4ImGMK/C1B2LxVd2BHjl4DdRCCohIdQaP7tYVnYrvn07on1M6jmUMjA4VrfRaXvRUynSNWNeDolPWra+l0Ug==",
        "dependencies": {
          "Thinktecture.Runtime.Extensions": "10.4.0"
        }
      },
      "xunit.v3.assert": {
        "type": "CentralTransitive",
        "requested": "[3.2.2, )",
        "resolved": "3.2.2",
        "contentHash": "BPciBghgEEaJN/JG00QfCYDfEfnLgQhfnYEy+j1izoeHVNYd5+3Wm8GJ6JgYysOhpBPYGE+sbf75JtrRc7jrdA=="
      },
      "xunit.v3.common": {
        "type": "CentralTransitive",
        "requested": "[3.2.2, )",
        "resolved": "3.2.2",
        "contentHash": "Hj775PEH6GTbbg0wfKRvG2hNspDCvTH9irXhH4qIWgdrOSV1sQlqPie+DOvFeigsFg2fxSM3ZAaaCDQs+KreFA==",
        "dependencies": {
          "Microsoft.Bcl.AsyncInterfaces": "6.0.0"
        }
      },
      "xunit.v3.extensibility.core": {
        "type": "CentralTransitive",
        "requested": "[3.2.2, )",
        "resolved": "3.2.2",
        "contentHash": "srY8z/oMPvh/t8axtO2DwrHajhFMH7tnqKildvYrVQIfICi8fOn3yIBWkVPAcrKmHMwvXRJ/XsQM3VMR6DOYfQ==",
        "dependencies": {
          "xunit.v3.common": "[3.2.2]"
        }
      }
    }
  }
}