{
  "version": 2,
  "dependencies": {
    "net10.0": {
      "CsCheck": {
        "type": "Direct",
        "requested": "[4.8.0, )",
        "resolved": "4.8.0",
        "contentHash": "4XPnbCyJjm4Y9xymIlqoMe1MyaoIA2EwlJDvhtRsLLzlHkS0pSb2HiGTo3yvKYLeMajngPl82qWtUAPBce/3Ng=="
      },
      "ErrorProne.NET.CoreAnalyzers": {
        "type": "Direct",
        "requested": "[0.9.0-beta.4, )",
        "resolved": "0.9.0-beta.4",
        "contentHash": "YTYfAB8r5VuAJLuQF/sgTy+iRVM5AW0vXyVWp+BRNqNBjddLZdxc1rBFa2E4EM92uSxa8FraDw6pRw4tf5/qwA=="
      },
      "LanguageExt.Core": {
        "type": "Direct",
        "requested": "[5.0.0-beta-77, )",
        "resolved": "5.0.0-beta-77",
        "contentHash": "zVBqn2alHIDTOSjgWDUo31irEg59ZfM6T8e24UcUn6o/F+5Qr0jRjGPp2LzME7PHyKh+crK+boBmdCAFguwqjw=="
      },
      "Meziantou.Analyzer": {
        "type": "Direct",
        "requested": "[3.0.190, )",
        "resolved": "3.0.190",
        "contentHash": "CFX3BWg27iLO78RORLAGWghpP+1afiAaijAIfhU7+JI+n6V0uVpNIr6H7LYVnRTFb2WAH/450FcvarFl7STOQA=="
      },
      "Microsoft.Extensions.TimeProvider.Testing": {
        "type": "Direct",
        "requested": "[10.8.0, )",
        "resolved": "10.8.0",
        "contentHash": "xXcxGfXSO/8o7IfYK36r3eZTl9RMKAl5K6x3x6o/QQBolI0t8vsLIGmhc3HJBTd11u1uPLHz61VnOTSTmY7ZVA=="
      },
      "Microsoft.VisualStudio.Threading.Analyzers": {
        "type": "Direct",
        "requested": "[18.7.23, )",
        "resolved": "18.7.23",
        "contentHash": "dyj6z8m+LFjpeH69hdnciCcRCmD0YgMlvuQEywiEshjqj/blgQ+PuWX8Vd5gkWQFoBN4e+TFxx6DvGNSv/gIKg=="
      },
      "Thinktecture.Runtime.Extensions": {
        "type": "Direct",
        "requested": "[10.4.0, )",
        "resolved": "10.4.0",
        "contentHash": "FYD82RNsKOmn4aZobZYXBNTKMSTu9JVu50mGREM0AJp/125L2L7XXYdcIxw0kjNQ5AUTRJoROK0g0s2/kO8f4w==",
        "dependencies": {
          "Thinktecture.Runtime.Extensions.Analyzers": "10.4.0",
          "Thinktecture.Runtime.Extensions.Refactorings": "10.4.0",
          "Thinktecture.Runtime.Extensions.SourceGenerator": "10.4.0"
        }
      },
      "xunit.v3.assert": {
        "type": "Direct",
        "requested": "[4.0.0, )",
        "resolved": "4.0.0",
        "contentHash": "QxYfC+98lCMe7Kl9iWDUeUn+gmiPJ2Sz/r+trSdp1mvKyDMXj8S1kYdfkFNJSHyUSQ6KWomenSDgfWhGpR8zEQ=="
      },
      "xunit.v3.extensibility.core": {
        "type": "Direct",
        "requested": "[4.0.0, )",
        "resolved": "4.0.0",
        "contentHash": "+tTe9VX2vwrUHGI48FE4ly956Ry084wPH4I/7g5D36AkAMGjQRZZDVz8eH2GwX/CLS9PDQRSca534WyrAYsyzw==",
        "dependencies": {
          "xunit.v3.common": "[4.0.0]"
        }
      },
      "Microsoft.Bcl.AsyncInterfaces": {
        "type": "Transitive",
        "resolved": "6.0.0",
        "contentHash": "UcSjPsst+DfAdJGVDsu346FX0ci0ah+lw3WRtn18NUwEqRt70HaOQ7lI72vy3+1LxtqI3T5GWwV39rQSrCzAeg=="
      },
      "Thinktecture.Runtime.Extensions.Analyzers": {
        "type": "Transitive",
        "resolved": "10.4.0",
        "contentHash": "QS30Y6+zrp8RBk2aVv1QB5f9POAMWNi5w8v8c4XADLZteH3zJZJDOD94HBrfKrnu+NZS0H5uFaTVGULMZQOq7w=="
      },
      "Thinktecture.Runtime.Extensions.Refactorings": {
        "type": "Transitive",
        "resolved": "10.4.0",
        "contentHash": "X4T9nHpYH6B19FxL17Ffk2MxjU1Z7kqI4+J42ylgDdnCoCBCvAjCdAtVtbLsKcABuSV/a6clhuvdDPKLDP5bfQ=="
      },
      "Thinktecture.Runtime.Extensions.SourceGenerator": {
        "type": "Transitive",
        "resolved": "10.4.0",
        "contentHash": "1jNrYo/7Syow8Vu+vY3LygJ7Erc9fagkobAdANxAkyg7G+9abnxZQ+cr4QbWPErGDe1mfCDQiO9crIjdG6DQJw=="
      },
      "xunit.v3.common": {
        "type": "CentralTransitive",
        "requested": "[4.0.0, )",
        "resolved": "4.0.0",
        "contentHash": "cjaNGmOVA5QJxcp6uuSsDhbt0lNmxezFo226mbYOuXm9E9Owq8bYTKxa9wnAMZRnbvyCmCYhAvc/+UAzf0M2vA==",
        "dependencies": {
          "Microsoft.Bcl.AsyncInterfaces": "6.0.0"
        }
      }
    }
  }
}