{
  "version": 2,
  "dependencies": {
    "net10.0": {
      "Celly.Protovalidate": {
        "type": "Direct",
        "requested": "[1.2.0, )",
        "resolved": "1.2.0",
        "contentHash": "7fAdWNT9GIJlDiL2Se7DErGdrEQA5Zf/TUg974ARhNfE89IIq1Qnvjbi9ktcHELhhvPvh057hP/16kQavr9eHA==",
        "dependencies": {
          "Celly": "1.2.0",
          "Celly.Protobuf": "1.2.0",
          "Google.Protobuf": "3.31.1"
        }
      },
      "Google.Api.CommonProtos": {
        "type": "Direct",
        "requested": "[2.17.0, )",
        "resolved": "2.17.0",
        "contentHash": "elfQPknFr495hm7vdy6ZlgyQh6yzZq9TU7sS35L/Fj/fqjM/mUGau9gVJLhvQEtUlPjtR80hpn/m9HvBMyCXIw==",
        "dependencies": {
          "Google.Protobuf": "[3.31.1, 4.0.0]"
        }
      },
      "Google.Protobuf": {
        "type": "Direct",
        "requested": "[3.36.0, )",
        "resolved": "3.36.0",
        "contentHash": "wDPg8sKlmA8we1bqnC9DYKwLog4PNJ4GYTWV9FkzlGvfs3kNCSt2x0Qe31SBOeBPS2JGEZ/lNfil/Bkwx18Ufg=="
      },
      "Grpc.Core.Api": {
        "type": "Direct",
        "requested": "[2.83.0, )",
        "resolved": "2.83.0",
        "contentHash": "xU8BT2bCw4Ct+/qIFJhhjkDEilKUbBOfp4US7l3Xa3hnlkN9l2LgISCbOw4PFYpW5jJFcK7FUAyWOFIQ94Hiqg=="
      },
      "Celly": {
        "type": "Transitive",
        "resolved": "1.2.0",
        "contentHash": "3NuJoocWJLn82zl9SF8zuC/kJpnBLr7lrysQ1TNlT6OjxK4r+u0/2SWRwTu7hl9P7xybc88KHDKJY/PE4CIYbw=="
      },
      "Celly.Protobuf": {
        "type": "Transitive",
        "resolved": "1.2.0",
        "contentHash": "oKxAEWutbk16y0JBKWrOvtD6nPLqNVFK3vKDOdKvYlupQ9KJ5beI/YT13BIOM344qD7UbUx0vg0wW/rByVDdaA==",
        "dependencies": {
          "Celly": "1.2.0",
          "Google.Protobuf": "3.31.1"
        }
      }
    }
  }
}