{
  "version": 2,
  "dependencies": {
    "net10.0": {
      "CSparse": {
        "type": "Direct",
        "requested": "[4.3.0, )",
        "resolved": "4.3.0",
        "contentHash": "IsY7xYSOsmrdKQFUsVmoKva7m1kR6dPbXOl7Qf3AZijkuBpcxFpRyZ9p9ytub0fYRcw3EoPFw/YV3OCQzgox2w=="
      },
      "LanguageExt.Core": {
        "type": "Direct",
        "requested": "[5.0.0-beta-77, )",
        "resolved": "5.0.0-beta-77",
        "contentHash": "zVBqn2alHIDTOSjgWDUo31irEg59ZfM6T8e24UcUn6o/F+5Qr0jRjGPp2LzME7PHyKh+crK+boBmdCAFguwqjw=="
      },
      "MathNet.Numerics": {
        "type": "Direct",
        "requested": "[6.0.0-beta2, )",
        "resolved": "6.0.0-beta2",
        "contentHash": "ew55vr5MqCEokG0jRsndoRSPNxdDvSgGwhWyxEFhzc8EuGn3TNtSGKRppCcpHnwXtjFiUvFBN+BBo75yrdKOrQ=="
      },
      "MathNet.Symbolics": {
        "type": "Direct",
        "requested": "[0.25.0, )",
        "resolved": "0.25.0",
        "contentHash": "sbeoi0wLoTY46GuOtZRSc03GhMFj/7fkgYvN0j2dDcFJVjAzGMnVWAByQOG5bgCESmd1u/c09Sbpm/N+QhL+gQ==",
        "dependencies": {
          "FParsec": "2.0.0-beta2",
          "FSharp.Core": "8.0.100",
          "MathNet.Numerics": "6.0.0-beta1",
          "MathNet.Numerics.FSharp": "6.0.0-beta1"
        }
      },
      "Meziantou.Analyzer": {
        "type": "Direct",
        "requested": "[3.0.98, )",
        "resolved": "3.0.98",
        "contentHash": "rs1eAdHccwRCf0o4cYU7hA6d4CX4KTFkrmAuUvpjwO/QLVYptDibDkKWCzGf+BJXrws1xzYXPjrpblQAC+tAdQ=="
      },
      "Microsoft.VisualStudio.Threading.Analyzers": {
        "type": "Direct",
        "requested": "[17.14.15, )",
        "resolved": "17.14.15",
        "contentHash": "mXQPJsbuUD2ydq4/ffd8h8tSOFCXec+2xJOVNCvXjuMOq/+5EKHq3D2m2MC2+nUaXeFMSt66VS/J4HdKBixgcw=="
      },
      "Thinktecture.Runtime.Extensions": {
        "type": "Direct",
        "requested": "[10.2.0, )",
        "resolved": "10.2.0",
        "contentHash": "BRiSpmpFsbbpHO7gnUK0s0uQwB9TmOkoVD8n1b9GrDBqvdnFDmWGGH81YQZKtTyB12aybXDB4EcVv4STQQVwVA==",
        "dependencies": {
          "Thinktecture.Runtime.Extensions.Analyzers": "10.2.0",
          "Thinktecture.Runtime.Extensions.Refactorings": "10.2.0",
          "Thinktecture.Runtime.Extensions.SourceGenerator": "10.2.0"
        }
      },
      "Thinktecture.Runtime.Extensions.Analyzers": {
        "type": "Transitive",
        "resolved": "10.2.0",
        "contentHash": "hS5YZR6+bn9YewLV8ywkUXlvZmRLwhQ6Z7is+rvQQJuDpv+SuLEfEkzuTWi9pkKftBbJMorkpKEh/hoGS6Iqyg=="
      },
      "Thinktecture.Runtime.Extensions.Refactorings": {
        "type": "Transitive",
        "resolved": "10.2.0",
        "contentHash": "DCuufIBk40w1n8UOPoVE4KOofYtOKnjYQ0aOE759f1GqqpAuqOaapOF7rr3/DQRrRZuaFy2Mggw/UIVOLqaJaA=="
      },
      "Thinktecture.Runtime.Extensions.SourceGenerator": {
        "type": "Transitive",
        "resolved": "10.2.0",
        "contentHash": "dakjsj9+k/faX/Ff0Ez+jcV6bqdJ+6fem4sXkNZDL3qZwtyp4SGfZgRHDiOEWrkgq/WBoZWiE+MOaBoXiXObbw=="
      },
      "FParsec": {
        "type": "CentralTransitive",
        "requested": "[2.0.0-beta2, )",
        "resolved": "2.0.0-beta2",
        "contentHash": "bNoeKNYoLBg1oQttwAZFnhXJKxX6vtYBApbVHJlYa6SyGcuxwewJemwmO6eh7tD49vTzhAVjZo1SDGZ0o7RxxA==",
        "dependencies": {
          "FSharp.Core": "4.3.4"
        }
      },
      "FSharp.Core": {
        "type": "CentralTransitive",
        "requested": "[8.0.100, )",
        "resolved": "8.0.100",
        "contentHash": "ZOVZ/o+jI3ormTZOa28Wh0tSRoyle1f7lKFcUN61sPiXI7eDZu8eSveFybgTeyIEyW0ujjp31cp7GOglDgsNEg=="
      },
      "MathNet.Numerics.FSharp": {
        "type": "CentralTransitive",
        "requested": "[6.0.0-beta2, )",
        "resolved": "6.0.0-beta2",
        "contentHash": "MqOJVzAjNaVuhitHE4CQa7kRK74janrjYsxjz2VSQwiyl0pIailjnQwoL/RCOUqcQVK+GEtSEKQyIbVgWhL7wg==",
        "dependencies": {
          "FSharp.Core": "8.0.100",
          "MathNet.Numerics": "6.0.0-beta2"
        }
      }
    },
    "net10.0/osx-arm64": {}
  }
}