{
  "version": 2,
  "dependencies": {
    "net10.0": {
      "coverlet.MTP": {
        "type": "Direct",
        "requested": "[10.0.1, )",
        "resolved": "10.0.1",
        "contentHash": "VR4/Y0Arr8cdIKhYE5dZCI2XU1ShCHZEAgm+LjokTThl1vzy9scqq8NDLETok5AchMTtsUQqcAU81N1cgHUclg==",
        "dependencies": {
          "Microsoft.Extensions.Configuration": "10.0.8",
          "Microsoft.Extensions.Configuration.Json": "10.0.8",
          "Microsoft.Extensions.DependencyInjection": "10.0.8",
          "Microsoft.Testing.Platform": "2.2.2"
        }
      },
      "CsCheck": {
        "type": "Direct",
        "requested": "[4.7.0, )",
        "resolved": "4.7.0",
        "contentHash": "j1ddNwZJHtuXJo0haeDtEX/j/iDJYLlZdIvaEmb7ftxTN9p4e5/jn6hYGXH/Em6RFfDRGWaNQ17LOMR3MhYWwA=="
      },
      "LanguageExt.Core": {
        "type": "Direct",
        "requested": "[5.0.0-beta-77, )",
        "resolved": "5.0.0-beta-77",
        "contentHash": "zVBqn2alHIDTOSjgWDUo31irEg59ZfM6T8e24UcUn6o/F+5Qr0jRjGPp2LzME7PHyKh+crK+boBmdCAFguwqjw=="
      },
      "Meziantou.Analyzer": {
        "type": "Direct",
        "requested": "[3.0.102, )",
        "resolved": "3.0.102",
        "contentHash": "WhGaJ3QsULOtDUXqZIDMZqTnZ68wvl6UMvPjkdxcZVIe/n3sfJyd2rDRVO3Ea7KitP0xUn3M85L/t7+JGkt63w=="
      },
      "Microsoft.VisualStudio.Threading.Analyzers": {
        "type": "Direct",
        "requested": "[17.14.15, )",
        "resolved": "17.14.15",
        "contentHash": "mXQPJsbuUD2ydq4/ffd8h8tSOFCXec+2xJOVNCvXjuMOq/+5EKHq3D2m2MC2+nUaXeFMSt66VS/J4HdKBixgcw=="
      },
      "System.Drawing.Common": {
        "type": "Direct",
        "requested": "[10.0.9, )",
        "resolved": "10.0.9",
        "contentHash": "ShkEj8jOhklJgrN3SoaVbCcopvqyIgVXHso2/eibQBL7IZxzJjND77UYVlViHqpwPxyQeA67IOut4b41clBkQw==",
        "dependencies": {
          "Microsoft.Win32.SystemEvents": "10.0.9"
        }
      },
      "Thinktecture.Runtime.Extensions": {
        "type": "Direct",
        "requested": "[10.2.0, )",
        "resolved": "10.2.0",
        "contentHash": "BRiSpmpFsbbpHO7gnUK0s0uQwB9TmOkoVD8n1b9GrDBqvdnFDmWGGH81YQZKtTyB12aybXDB4EcVv4STQQVwVA==",
        "dependencies": {
          "Thinktecture.Runtime.Extensions.Analyzers": "10.2.0",
          "Thinktecture.Runtime.Extensions.Refactorings": "10.2.0",
          "Thinktecture.Runtime.Extensions.SourceGenerator": "10.2.0"
        }
      },
      "TngTech.ArchUnitNET.xUnitV3": {
        "type": "Direct",
        "requested": "[0.13.3, )",
        "resolved": "0.13.3",
        "contentHash": "jQEyP4uwT9vGhEHQ2IHegyiQ0M+Umlmwe6aLTZP8xVuYfAdd4gpNnwx3wloZIB5060ZuZPBJN6hj6b2QoBWswA==",
        "dependencies": {
          "TngTech.ArchUnitNET": "0.13.3",
          "xunit.v3.assert": "1.1.0"
        }
      },
      "xunit.v3.mtp-v2": {
        "type": "Direct",
        "requested": "[3.2.2, )",
        "resolved": "3.2.2",
        "contentHash": "S0LJpeMIMrmbVLXDCvPVX47OLk28qBYfGU+5SNCbarOEdw8oKLfiVqaACwuYRvLiOqDEB/+VJ8gTSB1ZwheoOQ==",
        "dependencies": {
          "xunit.analyzers": "1.27.0",
          "xunit.v3.assert": "[3.2.2]",
          "xunit.v3.core.mtp-v2": "[3.2.2]"
        }
      },
      "CycleDetection": {
        "type": "Transitive",
        "resolved": "2.0.0",
        "contentHash": "iQb2Nm9WqPseGCxPcdeU5qMbWkxtSr1bmnliC7slitx7GOG8cKO2pKZUQ2Yl+DQQZQ7c8qIXe3k+zYE0f96dIA=="
      },
      "JetBrains.Annotations": {
        "type": "Transitive",
        "resolved": "2025.2.2",
        "contentHash": "0X56ZRizuHdrnPpgXjWV7f2tQO1FlQg5O1967OGKnI/4ZRNOK642J8L7brM1nYvrxTTU5TP1yRyXLRLaXLPQ8A=="
      },
      "Microsoft.ApplicationInsights": {
        "type": "Transitive",
        "resolved": "2.23.0",
        "contentHash": "nWArUZTdU7iqZLycLKWe0TDms48KKGE6pONH2terYNa8REXiqixrMOkf1sk5DHGMaUTqONU2YkS4SAXBhLStgw=="
      },
      "Microsoft.Bcl.AsyncInterfaces": {
        "type": "Transitive",
        "resolved": "6.0.0",
        "contentHash": "UcSjPsst+DfAdJGVDsu346FX0ci0ah+lw3WRtn18NUwEqRt70HaOQ7lI72vy3+1LxtqI3T5GWwV39rQSrCzAeg=="
      },
      "Microsoft.Extensions.Configuration": {
        "type": "Transitive",
        "resolved": "10.0.8",
        "contentHash": "ehZcoPbjzWzS4XFvuz7R3V55SmpdkyMqFURLH3yXaN9NtXd9tR6CGB7pd49HYtCkenl+G7ctXSFLhNI08xLfRg==",
        "dependencies": {
          "Microsoft.Extensions.Configuration.Abstractions": "10.0.8",
          "Microsoft.Extensions.Primitives": "10.0.8"
        }
      },
      "Microsoft.Extensions.Configuration.Abstractions": {
        "type": "Transitive",
        "resolved": "10.0.8",
        "contentHash": "I63esIFbL3h5pSt7gXpXOlmcwDmYBUoYNEglKfDPFUqtYvSV84f2l28hO2lfVXsV0wdlplgAM7IVz16matapSg==",
        "dependencies": {
          "Microsoft.Extensions.Primitives": "10.0.8"
        }
      },
      "Microsoft.Extensions.Configuration.FileExtensions": {
        "type": "Transitive",
        "resolved": "10.0.8",
        "contentHash": "1g9mzuu8gIHkjYb0jLxOTQVl/QDG5nn0b0JzgT/gbgNKr6gXZzxOHRAsdYRc1eDApB7LdHR8uK5vQrNjIQdRrQ==",
        "dependencies": {
          "Microsoft.Extensions.Configuration": "10.0.8",
          "Microsoft.Extensions.Configuration.Abstractions": "10.0.8",
          "Microsoft.Extensions.FileProviders.Abstractions": "10.0.8",
          "Microsoft.Extensions.FileProviders.Physical": "10.0.8",
          "Microsoft.Extensions.Primitives": "10.0.8"
        }
      },
      "Microsoft.Extensions.Configuration.Json": {
        "type": "Transitive",
        "resolved": "10.0.8",
        "contentHash": "KLtAZ6A38s1pIfCO2ns6aG14NNGMYNZ4PBYfFK4M+R4A+xuSc6oklhqDcpHZxvDpyBWeFtR5C8iQBw2ng8tUHQ==",
        "dependencies": {
          "Microsoft.Extensions.Configuration": "10.0.8",
          "Microsoft.Extensions.Configuration.Abstractions": "10.0.8",
          "Microsoft.Extensions.Configuration.FileExtensions": "10.0.8",
          "Microsoft.Extensions.FileProviders.Abstractions": "10.0.8"
        }
      },
      "Microsoft.Extensions.DependencyInjection": {
        "type": "Transitive",
        "resolved": "10.0.8",
        "contentHash": "daf62xHIrq8pnE709hgaZZN9tSam9TGGepWe1+bE6V3GEuVwJiMs6ib+38lfMCyAJAHiX0vapxBhsuMSV7U+cg==",
        "dependencies": {
          "Microsoft.Extensions.DependencyInjection.Abstractions": "10.0.8"
        }
      },
      "Microsoft.Extensions.DependencyInjection.Abstractions": {
        "type": "Transitive",
        "resolved": "10.0.8",
        "contentHash": "21nbDV60SRPWGIivsyl6lqBeEJNG1sginhhfWgRrr3Ais7aQ12To25OAHQxgoiJkjqy1aQ6RxpZBGYuTi7Ge6A=="
      },
      "Microsoft.Extensions.FileProviders.Abstractions": {
        "type": "Transitive",
        "resolved": "10.0.8",
        "contentHash": "U+oquaPxFdY8lYeEIWO/AD7jDIl9sPW6aVWMQRHU/pZ/SWpLcOrAj2fcLe1HwXl4sYw1ONI56K/eELT3xr4RRQ==",
        "dependencies": {
          "Microsoft.Extensions.Primitives": "10.0.8"
        }
      },
      "Microsoft.Extensions.FileProviders.Physical": {
        "type": "Transitive",
        "resolved": "10.0.8",
        "contentHash": "GkPvQe6IdidLu6Q3Lw6+B8NJpW8feW8czZ5mBKt5rXM/x8MvZfEp5WvAsjznzDGd23chIDrW0b2mmt+ScnEgiw==",
        "dependencies": {
          "Microsoft.Extensions.FileProviders.Abstractions": "10.0.8",
          "Microsoft.Extensions.FileSystemGlobbing": "10.0.8",
          "Microsoft.Extensions.Primitives": "10.0.8"
        }
      },
      "Microsoft.Extensions.FileSystemGlobbing": {
        "type": "Transitive",
        "resolved": "10.0.8",
        "contentHash": "IUQet3SY51xIFcFZKtAB6a54/Zdxs7T3SQ84kJtOD6yeXfZgiOMksACWD5qtTmXGQGFH4QYGBOT0KIO8Uy/dJw=="
      },
      "Microsoft.Extensions.Primitives": {
        "type": "Transitive",
        "resolved": "10.0.8",
        "contentHash": "OBPo4nYhMyIbtueoC10CBm6AGAbo/A9IV8QQ/6ryZS7VvmqpGT7hunazeHLxFawRzn3oLOq4jhqhpBX4tfswWQ=="
      },
      "Microsoft.Win32.Registry": {
        "type": "Transitive",
        "resolved": "5.0.0",
        "contentHash": "dDoKi0PnDz31yAyETfRntsLArTlVAVzUzCIvvEDsDsucrl33Dl8pIJG06ePTJTI3tGpeyHS9Cq7Foc/s4EeKcg=="
      },
      "Microsoft.Win32.SystemEvents": {
        "type": "Transitive",
        "resolved": "10.0.9",
        "contentHash": "dk5HKolAR9bBxlL4dl6Koaf0s/Q47QApog+/o341LSuvWGW6ig4q5fTsgYG0MrK//l2Slv6mygncMK/8lgXVDg=="
      },
      "Mono.Cecil": {
        "type": "Transitive",
        "resolved": "0.11.6",
        "contentHash": "f33RkDtZO8VlGXCtmQIviOtxgnUdym9xx/b1p9h91CRGOsJFxCFOFK1FDbVt1OCf1aWwYejUFa2MOQyFWTFjbA=="
      },
      "Newtonsoft.Json": {
        "type": "Transitive",
        "resolved": "13.0.4",
        "contentHash": "pdgNNMai3zv51W5aq268sujXUyx7SNdE2bj1wZcWjAQrKMFZV260lbqYop1d2GM67JI1huLRwxo9ZqnfF/lC6A=="
      },
      "System.ValueTuple": {
        "type": "Transitive",
        "resolved": "4.6.1",
        "contentHash": "+RJT4qaekpZ7DDLhf+LTjq+E48jieKiY9ulJ+BoxKmZblIJfIJT8Ufcaa/clQqnYvWs8jugfGSMu8ylS0caG0w=="
      },
      "Thinktecture.Runtime.Extensions.Analyzers": {
        "type": "Transitive",
        "resolved": "10.2.0",
        "contentHash": "hS5YZR6+bn9YewLV8ywkUXlvZmRLwhQ6Z7is+rvQQJuDpv+SuLEfEkzuTWi9pkKftBbJMorkpKEh/hoGS6Iqyg=="
      },
      "Thinktecture.Runtime.Extensions.Refactorings": {
        "type": "Transitive",
        "resolved": "10.2.0",
        "contentHash": "DCuufIBk40w1n8UOPoVE4KOofYtOKnjYQ0aOE759f1GqqpAuqOaapOF7rr3/DQRrRZuaFy2Mggw/UIVOLqaJaA=="
      },
      "Thinktecture.Runtime.Extensions.SourceGenerator": {
        "type": "Transitive",
        "resolved": "10.2.0",
        "contentHash": "dakjsj9+k/faX/Ff0Ez+jcV6bqdJ+6fem4sXkNZDL3qZwtyp4SGfZgRHDiOEWrkgq/WBoZWiE+MOaBoXiXObbw=="
      },
      "TngTech.ArchUnitNET": {
        "type": "Transitive",
        "resolved": "0.13.3",
        "contentHash": "4+V+rJ1DC6f2mbwpVnSKwUnN8OhbZ+YC2HoFXYj4Skb+pbabaweu5cnscyXBiMlU97b5GvoOKzpUCn0RCTmWeg==",
        "dependencies": {
          "CycleDetection": "2.0.0",
          "JetBrains.Annotations": "2025.2.2",
          "Mono.Cecil": "0.11.6",
          "Newtonsoft.Json": "13.0.4",
          "System.ValueTuple": "4.6.1"
        }
      },
      "xunit.analyzers": {
        "type": "Transitive",
        "resolved": "1.27.0",
        "contentHash": "y/pxIQaLvk/kxAoDkZW9GnHLCEqzwl5TW0vtX3pweyQpjizB9y3DXhb9pkw2dGeUqhLjsxvvJM1k89JowU6z3g=="
      },
      "xunit.v3.core.mtp-v2": {
        "type": "Transitive",
        "resolved": "3.2.2",
        "contentHash": "zW82tdCm+T1uUD1JKE+SmhgMq8nCAvcFPRLIVEiRgaxBSjcyJEKopLU3bHGOa416q+N3Dz7m1zLoPR5VJ5OQ+Q==",
        "dependencies": {
          "Microsoft.Testing.Extensions.Telemetry": "2.0.2",
          "Microsoft.Testing.Extensions.TrxReport.Abstractions": "2.0.2",
          "Microsoft.Testing.Platform": "2.0.2",
          "Microsoft.Testing.Platform.MSBuild": "2.0.2",
          "xunit.v3.extensibility.core": "[3.2.2]",
          "xunit.v3.runner.inproc.console": "[3.2.2]"
        }
      },
      "xunit.v3.runner.common": {
        "type": "Transitive",
        "resolved": "3.2.2",
        "contentHash": "/hkHkQCzGrugelOAehprm7RIWdsUFVmIVaD6jDH/8DNGCymTlKKPTbGokD5czbAfqfex47mBP0sb0zbHYwrO/g==",
        "dependencies": {
          "Microsoft.Win32.Registry": "[5.0.0]",
          "xunit.v3.common": "[3.2.2]"
        }
      },
      "xunit.v3.runner.inproc.console": {
        "type": "Transitive",
        "resolved": "3.2.2",
        "contentHash": "ulWOdSvCk+bPXijJZ73bth9NyoOHsAs1ZOvamYbCkD4DNLX/Bd29Ve2ZNUwBbK0MqfIYWXHZViy/HKrdEC/izw==",
        "dependencies": {
          "xunit.v3.extensibility.core": "[3.2.2]",
          "xunit.v3.runner.common": "[3.2.2]"
        }
      },
      "rasm": {
        "type": "Project",
        "dependencies": {
          "CSparse": "[4.3.0, )",
          "LanguageExt.Core": "[5.0.0-beta-77, )",
          "MathNet.Numerics": "[6.0.0-beta2, )",
          "MathNet.Symbolics": "[0.25.0, )",
          "Thinktecture.Runtime.Extensions": "[10.2.0, )"
        }
      },
      "rasm.grasshopper": {
        "type": "Project",
        "dependencies": {
          "LanguageExt.Core": "[5.0.0-beta-77, )",
          "Rasm": "[1.0.0, )",
          "System.Drawing.Common": "[10.0.9, )",
          "Thinktecture.Runtime.Extensions": "[10.2.0, )"
        }
      },
      "rasm.materials": {
        "type": "Project",
        "dependencies": {
          "LanguageExt.Core": "[5.0.0-beta-77, )",
          "Thinktecture.Runtime.Extensions": "[10.2.0, )"
        }
      },
      "rasm.rhino": {
        "type": "Project",
        "dependencies": {
          "LanguageExt.Core": "[5.0.0-beta-77, )",
          "Rasm": "[1.0.0, )",
          "System.Drawing.Common": "[10.0.9, )",
          "Thinktecture.Runtime.Extensions": "[10.2.0, )"
        }
      },
      "rasm.rhinobridge.protocol": {
        "type": "Project",
        "dependencies": {
          "LanguageExt.Core": "[5.0.0-beta-77, )",
          "Thinktecture.Runtime.Extensions": "[10.2.0, )"
        }
      },
      "rasm.testkit": {
        "type": "Project",
        "dependencies": {
          "LanguageExt.Core": "[5.0.0-beta-77, )",
          "Rasm": "[1.0.0, )",
          "Rasm.RhinoBridge.Protocol": "[1.0.0, )",
          "System.Drawing.Common": "[10.0.9, )",
          "Thinktecture.Runtime.Extensions": "[10.2.0, )"
        }
      },
      "CSparse": {
        "type": "CentralTransitive",
        "requested": "[4.3.0, )",
        "resolved": "4.3.0",
        "contentHash": "IsY7xYSOsmrdKQFUsVmoKva7m1kR6dPbXOl7Qf3AZijkuBpcxFpRyZ9p9ytub0fYRcw3EoPFw/YV3OCQzgox2w=="
      },
      "FParsec": {
        "type": "CentralTransitive",
        "requested": "[2.0.0-beta2, )",
        "resolved": "2.0.0-beta2",
        "contentHash": "bNoeKNYoLBg1oQttwAZFnhXJKxX6vtYBApbVHJlYa6SyGcuxwewJemwmO6eh7tD49vTzhAVjZo1SDGZ0o7RxxA==",
        "dependencies": {
          "FSharp.Core": "4.3.4"
        }
      },
      "FSharp.Core": {
        "type": "CentralTransitive",
        "requested": "[10.1.301, )",
        "resolved": "10.1.301",
        "contentHash": "excLf2zM/qUB3WhRUfI0xvOOaPwcRAEdYT/BXe9eiTKySnWVuIKMQTf5+6ETy5nsb1dpLp1s2j2yAM/XcRgFMg=="
      },
      "MathNet.Numerics": {
        "type": "CentralTransitive",
        "requested": "[6.0.0-beta2, )",
        "resolved": "6.0.0-beta2",
        "contentHash": "ew55vr5MqCEokG0jRsndoRSPNxdDvSgGwhWyxEFhzc8EuGn3TNtSGKRppCcpHnwXtjFiUvFBN+BBo75yrdKOrQ=="
      },
      "MathNet.Numerics.FSharp": {
        "type": "CentralTransitive",
        "requested": "[6.0.0-beta2, )",
        "resolved": "6.0.0-beta2",
        "contentHash": "MqOJVzAjNaVuhitHE4CQa7kRK74janrjYsxjz2VSQwiyl0pIailjnQwoL/RCOUqcQVK+GEtSEKQyIbVgWhL7wg==",
        "dependencies": {
          "FSharp.Core": "8.0.100",
          "MathNet.Numerics": "6.0.0-beta2"
        }
      },
      "MathNet.Symbolics": {
        "type": "CentralTransitive",
        "requested": "[0.25.0, )",
        "resolved": "0.25.0",
        "contentHash": "sbeoi0wLoTY46GuOtZRSc03GhMFj/7fkgYvN0j2dDcFJVjAzGMnVWAByQOG5bgCESmd1u/c09Sbpm/N+QhL+gQ==",
        "dependencies": {
          "FParsec": "2.0.0-beta2",
          "FSharp.Core": "8.0.100",
          "MathNet.Numerics": "6.0.0-beta1",
          "MathNet.Numerics.FSharp": "6.0.0-beta1"
        }
      },
      "Microsoft.Testing.Extensions.Telemetry": {
        "type": "CentralTransitive",
        "requested": "[2.2.3, )",
        "resolved": "2.2.3",
        "contentHash": "mLdW+JOR3kXYGTdgR/qc/UZBA0r+eCR2k6bUxTcuDj5w9WdIQ7Lol5MBUU7YOSGd9bs9bvhSYWAptgz0YtQqCA==",
        "dependencies": {
          "Microsoft.ApplicationInsights": "2.23.0",
          "Microsoft.Testing.Platform": "2.2.3"
        }
      },
      "Microsoft.Testing.Extensions.TrxReport.Abstractions": {
        "type": "CentralTransitive",
        "requested": "[2.2.3, )",
        "resolved": "2.2.3",
        "contentHash": "hntvxJEkmUAx6C2xXc/PO38DqEQl4rimzOgSvTR1hAMruMid7R4RcXOrzzF33J66gKaN7jRaQ0TMW/nNfaV9jw==",
        "dependencies": {
          "Microsoft.Testing.Platform": "2.2.3"
        }
      },
      "Microsoft.Testing.Platform": {
        "type": "CentralTransitive",
        "requested": "[2.2.3, )",
        "resolved": "2.2.3",
        "contentHash": "LhM1/Qoi8Ams5QcD4r3f09CSOono9iQr3NEJQItFtyzWB55nWTgEOsVqXqMWWWIwk3nkPqc+XfnlJmp8xUI5fg=="
      },
      "Microsoft.Testing.Platform.MSBuild": {
        "type": "CentralTransitive",
        "requested": "[2.2.3, )",
        "resolved": "2.2.3",
        "contentHash": "Q22jJYJLx4srTinsAuoCskqmzjrBJC8YeGJMHHIcrf1dQeHoEZ7wsqDzTlENkMoke2qfufF7U+9u58nlZunH/Q==",
        "dependencies": {
          "Microsoft.Testing.Platform": "2.2.3"
        }
      },
      "xunit.v3.assert": {
        "type": "CentralTransitive",
        "requested": "[3.2.2, )",
        "resolved": "3.2.2",
        "contentHash": "BPciBghgEEaJN/JG00QfCYDfEfnLgQhfnYEy+j1izoeHVNYd5+3Wm8GJ6JgYysOhpBPYGE+sbf75JtrRc7jrdA=="
      },
      "xunit.v3.common": {
        "type": "CentralTransitive",
        "requested": "[3.2.2, )",
        "resolved": "3.2.2",
        "contentHash": "Hj775PEH6GTbbg0wfKRvG2hNspDCvTH9irXhH4qIWgdrOSV1sQlqPie+DOvFeigsFg2fxSM3ZAaaCDQs+KreFA==",
        "dependencies": {
          "Microsoft.Bcl.AsyncInterfaces": "6.0.0"
        }
      },
      "xunit.v3.extensibility.core": {
        "type": "CentralTransitive",
        "requested": "[3.2.2, )",
        "resolved": "3.2.2",
        "contentHash": "srY8z/oMPvh/t8axtO2DwrHajhFMH7tnqKildvYrVQIfICi8fOn3yIBWkVPAcrKmHMwvXRJ/XsQM3VMR6DOYfQ==",
        "dependencies": {
          "xunit.v3.common": "[3.2.2]"
        }
      }
    },
    "net10.0/osx-arm64": {
      "Microsoft.Win32.Registry": {
        "type": "Transitive",
        "resolved": "5.0.0",
        "contentHash": "dDoKi0PnDz31yAyETfRntsLArTlVAVzUzCIvvEDsDsucrl33Dl8pIJG06ePTJTI3tGpeyHS9Cq7Foc/s4EeKcg=="
      },
      "Microsoft.Win32.SystemEvents": {
        "type": "Transitive",
        "resolved": "10.0.9",
        "contentHash": "dk5HKolAR9bBxlL4dl6Koaf0s/Q47QApog+/o341LSuvWGW6ig4q5fTsgYG0MrK//l2Slv6mygncMK/8lgXVDg=="
      }
    }
  }
}